// !$*UTF8*$!
{
	archiveVersion = 1;
	classes = {
	};
	objectVersion = 46;
	objects = {

/* Begin PBXBuildFile section */
		9973FAB21A824A1E0089A512 /* Foundation.framework in Frameworks */ = {isa = PBXBuildFile; fileRef = 9973FAB11A824A1E0089A512 /* Foundation.framework */; };
		9973FAB41A824A1E0089A512 /* CoreGraphics.framework in Frameworks */ = {isa = PBXBuildFile; fileRef = 9973FAB31A824A1E0089A512 /* CoreGraphics.framework */; };
		9973FAB61A824A1E0089A512 /* UIKit.framework in Frameworks */ = {isa = PBXBuildFile; fileRef = 9973FAB51A824A1E0089A512 /* UIKit.framework */; };
		9973FABC1A824A1E0089A512 /* InfoPlist.strings in Resources */ = {isa = PBXBuildFile; fileRef = 9973FABA1A824A1E0089A512 /* InfoPlist.strings */; };
		9973FABE1A824A1E0089A512 /* main.m in Sources */ = {isa = PBXBuildFile; fileRef = 9973FABD1A824A1E0089A512 /* main.m */; };
		9973FACA1A824A1F0089A512 /* Images.xcassets in Resources */ = {isa = PBXBuildFile; fileRef = 9973FAC91A824A1F0089A512 /* Images.xcassets */; };
		9973FAD11A824A1F0089A512 /* XCTest.framework in Frameworks */ = {isa = PBXBuildFile; fileRef = 9973FAD01A824A1F0089A512 /* XCTest.framework */; };
		9973FAD21A824A1F0089A512 /* Foundation.framework in Frameworks */ = {isa = PBXBuildFile; fileRef = 9973FAB11A824A1E0089A512 /* Foundation.framework */; };
		9973FAD31A824A1F0089A512 /* UIKit.framework in Frameworks */ = {isa = PBXBuildFile; fileRef = 9973FAB51A824A1E0089A512 /* UIKit.framework */; };
		9973FADB1A824A1F0089A512 /* InfoPlist.strings in Resources */ = {isa = PBXBuildFile; fileRef = 9973FAD91A824A1F0089A512 /* InfoPlist.strings */; };
		9973FADD1A824A1F0089A512 /* SDPhotoBrowserTests.m in Sources */ = {isa = PBXBuildFile; fileRef = 9973FADC1A824A1F0089A512 /* SDPhotoBrowserTests.m */; };
		9973FAE91A824A800089A512 /* SDNavigationController.m in Sources */ = {isa = PBXBuildFile; fileRef = 9973FAE81A824A800089A512 /* SDNavigationController.m */; };
		9973FB211A824CA70089A512 /* SDPhotoItem.m in Sources */ = {isa = PBXBuildFile; fileRef = 9973FB201A824CA70089A512 /* SDPhotoItem.m */; };
		999B96DA1AA4A13900099735 /* MKAnnotationView+WebCache.m in Sources */ = {isa = PBXBuildFile; fileRef = 999B96B91AA4A13900099735 /* MKAnnotationView+WebCache.m */; };
		999B96DB1AA4A13900099735 /* NSData+ImageContentType.m in Sources */ = {isa = PBXBuildFile; fileRef = 999B96BB1AA4A13900099735 /* NSData+ImageContentType.m */; };
		999B96DC1AA4A13900099735 /* SDImageCache.m in Sources */ = {isa = PBXBuildFile; fileRef = 999B96BD1AA4A13900099735 /* SDImageCache.m */; };
		999B96DD1AA4A13900099735 /* SDWebImageCompat.m in Sources */ = {isa = PBXBuildFile; fileRef = 999B96BF1AA4A13900099735 /* SDWebImageCompat.m */; };
		999B96DE1AA4A13900099735 /* SDWebImageDecoder.m in Sources */ = {isa = PBXBuildFile; fileRef = 999B96C11AA4A13900099735 /* SDWebImageDecoder.m */; };
		999B96DF1AA4A13900099735 /* SDWebImageDownloader.m in Sources */ = {isa = PBXBuildFile; fileRef = 999B96C31AA4A13900099735 /* SDWebImageDownloader.m */; };
		999B96E01AA4A13900099735 /* SDWebImageDownloaderOperation.m in Sources */ = {isa = PBXBuildFile; fileRef = 999B96C51AA4A13900099735 /* SDWebImageDownloaderOperation.m */; };
		999B96E11AA4A13900099735 /* SDWebImageManager.m in Sources */ = {isa = PBXBuildFile; fileRef = 999B96C71AA4A13900099735 /* SDWebImageManager.m */; };
		999B96E21AA4A13900099735 /* SDWebImagePrefetcher.m in Sources */ = {isa = PBXBuildFile; fileRef = 999B96CA1AA4A13900099735 /* SDWebImagePrefetcher.m */; };
		999B96E31AA4A13900099735 /* UIButton+WebCache.m in Sources */ = {isa = PBXBuildFile; fileRef = 999B96CC1AA4A13900099735 /* UIButton+WebCache.m */; };
		999B96E41AA4A13900099735 /* UIImage+GIF.m in Sources */ = {isa = PBXBuildFile; fileRef = 999B96CE1AA4A13900099735 /* UIImage+GIF.m */; };
		999B96E51AA4A13900099735 /* UIImage+MultiFormat.m in Sources */ = {isa = PBXBuildFile; fileRef = 999B96D01AA4A13900099735 /* UIImage+MultiFormat.m */; };
		999B96E61AA4A13900099735 /* UIImage+WebP.m in Sources */ = {isa = PBXBuildFile; fileRef = 999B96D21AA4A13900099735 /* UIImage+WebP.m */; };
		999B96E71AA4A13900099735 /* UIImageView+HighlightedWebCache.m in Sources */ = {isa = PBXBuildFile; fileRef = 999B96D41AA4A13900099735 /* UIImageView+HighlightedWebCache.m */; };
		999B96E81AA4A13900099735 /* UIImageView+WebCache.m in Sources */ = {isa = PBXBuildFile; fileRef = 999B96D61AA4A13900099735 /* UIImageView+WebCache.m */; };
		999B96E91AA4A13900099735 /* UIView+WebCacheOperation.m in Sources */ = {isa = PBXBuildFile; fileRef = 999B96D81AA4A13900099735 /* UIView+WebCacheOperation.m */; };
		999B96F21AA4A1C900099735 /* SDBrowserImageView.m in Sources */ = {isa = PBXBuildFile; fileRef = 999B96EC1AA4A1C900099735 /* SDBrowserImageView.m */; };
		999B96F31AA4A1C900099735 /* SDPhotoBrowser.m in Sources */ = {isa = PBXBuildFile; fileRef = 999B96EE1AA4A1C900099735 /* SDPhotoBrowser.m */; };
		999B96F41AA4A1C900099735 /* SDWaitingView.m in Sources */ = {isa = PBXBuildFile; fileRef = 999B96F11AA4A1C900099735 /* SDWaitingView.m */; };
		999B96F61AA4A27E00099735 /* SDAppDelegate.m in Sources */ = {isa = PBXBuildFile; fileRef = 999B96F51AA4A27E00099735 /* SDAppDelegate.m */; };
		999B96F81AA4A2EA00099735 /* SDTableViewController.m in Sources */ = {isa = PBXBuildFile; fileRef = 999B96F71AA4A2EA00099735 /* SDTableViewController.m */; };
		999B96FB1AA4A31C00099735 /* SDPhotoGroup.m in Sources */ = {isa = PBXBuildFile; fileRef = 999B96FA1AA4A31C00099735 /* SDPhotoGroup.m */; };
/* End PBXBuildFile section */

/* Begin PBXContainerItemProxy section */
		9973FAD41A824A1F0089A512 /* PBXContainerItemProxy */ = {
			isa = PBXContainerItemProxy;
			containerPortal = 9973FAA61A824A1E0089A512 /* Project object */;
			proxyType = 1;
			remoteGlobalIDString = 9973FAAD1A824A1E0089A512;
			remoteInfo = SDPhotoBrowser;
		};
/* End PBXContainerItemProxy section */

/* Begin PBXFileReference section */
		9973FAAE1A824A1E0089A512 /* SDPhotoBrowser.app */ = {isa = PBXFileReference; explicitFileType = wrapper.application; includeInIndex = 0; path = SDPhotoBrowser.app; sourceTree = BUILT_PRODUCTS_DIR; };
		9973FAB11A824A1E0089A512 /* Foundation.framework */ = {isa = PBXFileReference; lastKnownFileType = wrapper.framework; name = Foundation.framework; path = System/Library/Frameworks/Foundation.framework; sourceTree = SDKROOT; };
		9973FAB31A824A1E0089A512 /* CoreGraphics.framework */ = {isa = PBXFileReference; lastKnownFileType = wrapper.framework; name = CoreGraphics.framework; path = System/Library/Frameworks/CoreGraphics.framework; sourceTree = SDKROOT; };
		9973FAB51A824A1E0089A512 /* UIKit.framework */ = {isa = PBXFileReference; lastKnownFileType = wrapper.framework; name = UIKit.framework; path = System/Library/Frameworks/UIKit.framework; sourceTree = SDKROOT; };
		9973FAB91A824A1E0089A512 /* SDPhotoBrowser-Info.plist */ = {isa = PBXFileReference; lastKnownFileType = text.plist.xml; path = "SDPhotoBrowser-Info.plist"; sourceTree = "<group>"; };
		9973FABB1A824A1E0089A512 /* en */ = {isa = PBXFileReference; lastKnownFileType = text.plist.strings; name = en; path = en.lproj/InfoPlist.strings; sourceTree = "<group>"; };
		9973FABD1A824A1E0089A512 /* main.m */ = {isa = PBXFileReference; lastKnownFileType = sourcecode.c.objc; path = main.m; sourceTree = "<group>"; };
		9973FABF1A824A1E0089A512 /* SDPhotoBrowser-Prefix.pch */ = {isa = PBXFileReference; lastKnownFileType = sourcecode.c.h; path = "SDPhotoBrowser-Prefix.pch"; sourceTree = "<group>"; };
		9973FAC01A824A1E0089A512 /* SDAppDelegate.h */ = {isa = PBXFileReference; lastKnownFileType = sourcecode.c.h; path = SDAppDelegate.h; sourceTree = "<group>"; };
		9973FAC91A824A1F0089A512 /* Images.xcassets */ = {isa = PBXFileReference; lastKnownFileType = folder.assetcatalog; path = Images.xcassets; sourceTree = "<group>"; };
		9973FACF1A824A1F0089A512 /* SDPhotoBrowserTests.xctest */ = {isa = PBXFileReference; explicitFileType = wrapper.cfbundle; includeInIndex = 0; path = SDPhotoBrowserTests.xctest; sourceTree = BUILT_PRODUCTS_DIR; };
		9973FAD01A824A1F0089A512 /* XCTest.framework */ = {isa = PBXFileReference; lastKnownFileType = wrapper.framework; name = XCTest.framework; path = Library/Frameworks/XCTest.framework; sourceTree = DEVELOPER_DIR; };
		9973FAD81A824A1F0089A512 /* SDPhotoBrowserTests-Info.plist */ = {isa = PBXFileReference; lastKnownFileType = text.plist.xml; path = "SDPhotoBrowserTests-Info.plist"; sourceTree = "<group>"; };
		9973FADA1A824A1F0089A512 /* en */ = {isa = PBXFileReference; lastKnownFileType = text.plist.strings; name = en; path = en.lproj/InfoPlist.strings; sourceTree = "<group>"; };
		9973FADC1A824A1F0089A512 /* SDPhotoBrowserTests.m */ = {isa = PBXFileReference; lastKnownFileType = sourcecode.c.objc; path = SDPhotoBrowserTests.m; sourceTree = "<group>"; };
		9973FAE71A824A800089A512 /* SDNavigationController.h */ = {isa = PBXFileReference; fileEncoding = 4; lastKnownFileType = sourcecode.c.h; path = SDNavigationController.h; sourceTree = "<group>"; };
		9973FAE81A824A800089A512 /* SDNavigationController.m */ = {isa = PBXFileReference; fileEncoding = 4; lastKnownFileType = sourcecode.c.objc; path = SDNavigationController.m; sourceTree = "<group>"; };
		9973FAEA1A824A9F0089A512 /* SDTableViewController.h */ = {isa = PBXFileReference; fileEncoding = 4; lastKnownFileType = sourcecode.c.h; path = SDTableViewController.h; sourceTree = "<group>"; };
		9973FB1F1A824CA70089A512 /* SDPhotoItem.h */ = {isa = PBXFileReference; fileEncoding = 4; lastKnownFileType = sourcecode.c.h; path = SDPhotoItem.h; sourceTree = "<group>"; };
		9973FB201A824CA70089A512 /* SDPhotoItem.m */ = {isa = PBXFileReference; fileEncoding = 4; lastKnownFileType = sourcecode.c.objc; path = SDPhotoItem.m; sourceTree = "<group>"; };
		999B96B81AA4A13900099735 /* MKAnnotationView+WebCache.h */ = {isa = PBXFileReference; fileEncoding = 4; lastKnownFileType = sourcecode.c.h; path = "MKAnnotationView+WebCache.h"; sourceTree = "<group>"; };
		999B96B91AA4A13900099735 /* MKAnnotationView+WebCache.m */ = {isa = PBXFileReference; fileEncoding = 4; lastKnownFileType = sourcecode.c.objc; path = "MKAnnotationView+WebCache.m"; sourceTree = "<group>"; };
		999B96BA1AA4A13900099735 /* NSData+ImageContentType.h */ = {isa = PBXFileReference; fileEncoding = 4; lastKnownFileType = sourcecode.c.h; path = "NSData+ImageContentType.h"; sourceTree = "<group>"; };
		999B96BB1AA4A13900099735 /* NSData+ImageContentType.m */ = {isa = PBXFileReference; fileEncoding = 4; lastKnownFileType = sourcecode.c.objc; path = "NSData+ImageContentType.m"; sourceTree = "<group>"; };
		999B96BC1AA4A13900099735 /* SDImageCache.h */ = {isa = PBXFileReference; fileEncoding = 4; lastKnownFileType = sourcecode.c.h; path = SDImageCache.h; sourceTree = "<group>"; };
		999B96BD1AA4A13900099735 /* SDImageCache.m */ = {isa = PBXFileReference; fileEncoding = 4; lastKnownFileType = sourcecode.c.objc; path = SDImageCache.m; sourceTree = "<group>"; };
		999B96BE1AA4A13900099735 /* SDWebImageCompat.h */ = {isa = PBXFileReference; fileEncoding = 4; lastKnownFileType = sourcecode.c.h; path = SDWebImageCompat.h; sourceTree = "<group>"; };
		999B96BF1AA4A13900099735 /* SDWebImageCompat.m */ = {isa = PBXFileReference; fileEncoding = 4; lastKnownFileType = sourcecode.c.objc; path = SDWebImageCompat.m; sourceTree = "<group>"; };
		999B96C01AA4A13900099735 /* SDWebImageDecoder.h */ = {isa = PBXFileReference; fileEncoding = 4; lastKnownFileType = sourcecode.c.h; path = SDWebImageDecoder.h; sourceTree = "<group>"; };
		999B96C11AA4A13900099735 /* SDWebImageDecoder.m */ = {isa = PBXFileReference; fileEncoding = 4; lastKnownFileType = sourcecode.c.objc; path = SDWebImageDecoder.m; sourceTree = "<group>"; };
		999B96C21AA4A13900099735 /* SDWebImageDownloader.h */ = {isa = PBXFileReference; fileEncoding = 4; lastKnownFileType = sourcecode.c.h; path = SDWebImageDownloader.h; sourceTree = "<group>"; };
		999B96C31AA4A13900099735 /* SDWebImageDownloader.m */ = {isa = PBXFileReference; fileEncoding = 4; lastKnownFileType = sourcecode.c.objc; path = SDWebImageDownloader.m; sourceTree = "<group>"; };
		999B96C41AA4A13900099735 /* SDWebImageDownloaderOperation.h */ = {isa = PBXFileReference; fileEncoding = 4; lastKnownFileType = sourcecode.c.h; path = SDWebImageDownloaderOperation.h; sourceTree = "<group>"; };
		999B96C51AA4A13900099735 /* SDWebImageDownloaderOperation.m */ = {isa = PBXFileReference; fileEncoding = 4; lastKnownFileType = sourcecode.c.objc; path = SDWebImageDownloaderOperation.m; sourceTree = "<group>"; };
		999B96C61AA4A13900099735 /* SDWebImageManager.h */ = {isa = PBXFileReference; fileEncoding = 4; lastKnownFileType = sourcecode.c.h; path = SDWebImageManager.h; sourceTree = "<group>"; };
		999B96C71AA4A13900099735 /* SDWebImageManager.m */ = {isa = PBXFileReference; fileEncoding = 4; lastKnownFileType = sourcecode.c.objc; path = SDWebImageManager.m; sourceTree = "<group>"; };
		999B96C81AA4A13900099735 /* SDWebImageOperation.h */ = {isa = PBXFileReference; fileEncoding = 4; lastKnownFileType = sourcecode.c.h; path = SDWebImageOperation.h; sourceTree = "<group>"; };
		999B96C91AA4A13900099735 /* SDWebImagePrefetcher.h */ = {isa = PBXFileReference; fileEncoding = 4; lastKnownFileType = sourcecode.c.h; path = SDWebImagePrefetcher.h; sourceTree = "<group>"; };
		999B96CA1AA4A13900099735 /* SDWebImagePrefetcher.m */ = {isa = PBXFileReference; fileEncoding = 4; lastKnownFileType = sourcecode.c.objc; path = SDWebImagePrefetcher.m; sourceTree = "<group>"; };
		999B96CB1AA4A13900099735 /* UIButton+WebCache.h */ = {isa = PBXFileReference; fileEncoding = 4; lastKnownFileType = sourcecode.c.h; path = "UIButton+WebCache.h"; sourceTree = "<group>"; };
		999B96CC1AA4A13900099735 /* UIButton+WebCache.m */ = {isa = PBXFileReference; fileEncoding = 4; lastKnownFileType = sourcecode.c.objc; path = "UIButton+WebCache.m"; sourceTree = "<group>"; };
		999B96CD1AA4A13900099735 /* UIImage+GIF.h */ = {isa = PBXFileReference; fileEncoding = 4; lastKnownFileType = sourcecode.c.h; path = "UIImage+GIF.h"; sourceTree = "<group>"; };
		999B96CE1AA4A13900099735 /* UIImage+GIF.m */ = {isa = PBXFileReference; fileEncoding = 4; lastKnownFileType = sourcecode.c.objc; path = "UIImage+GIF.m"; sourceTree = "<group>"; };
		999B96CF1AA4A13900099735 /* UIImage+MultiFormat.h */ = {isa = PBXFileReference; fileEncoding = 4; lastKnownFileType = sourcecode.c.h; path = "UIImage+MultiFormat.h"; sourceTree = "<group>"; };
		999B96D01AA4A13900099735 /* UIImage+MultiFormat.m */ = {isa = PBXFileReference; fileEncoding = 4; lastKnownFileType = sourcecode.c.objc; path = "UIImage+MultiFormat.m"; sourceTree = "<group>"; };
		999B96D11AA4A13900099735 /* UIImage+WebP.h */ = {isa = PBXFileReference; fileEncoding = 4; lastKnownFileType = sourcecode.c.h; path = "UIImage+WebP.h"; sourceTree = "<group>"; };
		999B96D21AA4A13900099735 /* UIImage+WebP.m */ = {isa = PBXFileReference; fileEncoding = 4; lastKnownFileType = sourcecode.c.objc; path = "UIImage+WebP.m"; sourceTree = "<group>"; };
		999B96D31AA4A13900099735 /* UIImageView+HighlightedWebCache.h */ = {isa = PBXFileReference; fileEncoding = 4; lastKnownFileType = sourcecode.c.h; path = "UIImageView+HighlightedWebCache.h"; sourceTree = "<group>"; };
		999B96D41AA4A13900099735 /* UIImageView+HighlightedWebCache.m */ = {isa = PBXFileReference; fileEncoding = 4; lastKnownFileType = sourcecode.c.objc; path = "UIImageView+HighlightedWebCache.m"; sourceTree = "<group>"; };
		999B96D51AA4A13900099735 /* UIImageView+WebCache.h */ = {isa = PBXFileReference; fileEncoding = 4; lastKnownFileType = sourcecode.c.h; path = "UIImageView+WebCache.h"; sourceTree = "<group>"; };
		999B96D61AA4A13900099735 /* UIImageView+WebCache.m */ = {isa = PBXFileReference; fileEncoding = 4; lastKnownFileType = sourcecode.c.objc; path = "UIImageView+WebCache.m"; sourceTree = "<group>"; };
		999B96D71AA4A13900099735 /* UIView+WebCacheOperation.h */ = {isa = PBXFileReference; fileEncoding = 4; lastKnownFileType = sourcecode.c.h; path = "UIView+WebCacheOperation.h"; sourceTree = "<group>"; };
		999B96D81AA4A13900099735 /* UIView+WebCacheOperation.m */ = {isa = PBXFileReference; fileEncoding = 4; lastKnownFileType = sourcecode.c.objc; path = "UIView+WebCacheOperation.m"; sourceTree = "<group>"; };
		999B96EB1AA4A1C900099735 /* SDBrowserImageView.h */ = {isa = PBXFileReference; fileEncoding = 4; lastKnownFileType = sourcecode.c.h; path = SDBrowserImageView.h; sourceTree = "<group>"; };
		999B96EC1AA4A1C900099735 /* SDBrowserImageView.m */ = {isa = PBXFileReference; fileEncoding = 4; lastKnownFileType = sourcecode.c.objc; path = SDBrowserImageView.m; sourceTree = "<group>"; };
		999B96ED1AA4A1C900099735 /* SDPhotoBrowser.h */ = {isa = PBXFileReference; fileEncoding = 4; lastKnownFileType = sourcecode.c.h; path = SDPhotoBrowser.h; sourceTree = "<group>"; };
		999B96EE1AA4A1C900099735 /* SDPhotoBrowser.m */ = {isa = PBXFileReference; fileEncoding = 4; lastKnownFileType = sourcecode.c.objc; path = SDPhotoBrowser.m; sourceTree = "<group>"; };
		999B96EF1AA4A1C900099735 /* SDPhotoBrowserConfig.h */ = {isa = PBXFileReference; fileEncoding = 4; lastKnownFileType = sourcecode.c.h; path = SDPhotoBrowserConfig.h; sourceTree = "<group>"; };
		999B96F01AA4A1C900099735 /* SDWaitingView.h */ = {isa = PBXFileReference; fileEncoding = 4; lastKnownFileType = sourcecode.c.h; path = SDWaitingView.h; sourceTree = "<group>"; };
		999B96F11AA4A1C900099735 /* SDWaitingView.m */ = {isa = PBXFileReference; fileEncoding = 4; lastKnownFileType = sourcecode.c.objc; path = SDWaitingView.m; sourceTree = "<group>"; };
		999B96F51AA4A27E00099735 /* SDAppDelegate.m */ = {isa = PBXFileReference; fileEncoding = 4; lastKnownFileType = sourcecode.c.objc; path = SDAppDelegate.m; sourceTree = "<group>"; };
		999B96F71AA4A2EA00099735 /* SDTableViewController.m */ = {isa = PBXFileReference; fileEncoding = 4; lastKnownFileType = sourcecode.c.objc; path = SDTableViewController.m; sourceTree = "<group>"; };
		999B96F91AA4A31C00099735 /* SDPhotoGroup.h */ = {isa = PBXFileReference; fileEncoding = 4; lastKnownFileType = sourcecode.c.h; path = SDPhotoGroup.h; sourceTree = "<group>"; };
		999B96FA1AA4A31C00099735 /* SDPhotoGroup.m */ = {isa = PBXFileReference; fileEncoding = 4; lastKnownFileType = sourcecode.c.objc; path = SDPhotoGroup.m; sourceTree = "<group>"; };
		999B96FC1AA4A6CB00099735 /* MKAnnotationView+WebCache.h */ = {isa = PBXFileReference; lastKnownFileType = sourcecode.c.h; path = "MKAnnotationView+WebCache.h"; sourceTree = "<group>"; };
/* End PBXFileReference section */

/* Begin PBXFrameworksBuildPhase section */
		9973FAAB1A824A1E0089A512 /* Frameworks */ = {
			isa = PBXFrameworksBuildPhase;
			buildActionMask = 2147483647;
			files = (
				9973FAB41A824A1E0089A512 /* CoreGraphics.framework in Frameworks */,
				9973FAB61A824A1E0089A512 /* UIKit.framework in Frameworks */,
				9973FAB21A824A1E0089A512 /* Foundation.framework in Frameworks */,
			);
			runOnlyForDeploymentPostprocessing = 0;
		};
		9973FACC1A824A1F0089A512 /* Frameworks */ = {
			isa = PBXFrameworksBuildPhase;
			buildActionMask = 2147483647;
			files = (
				9973FAD11A824A1F0089A512 /* XCTest.framework in Frameworks */,
				9973FAD31A824A1F0089A512 /* UIKit.framework in Frameworks */,
				9973FAD21A824A1F0089A512 /* Foundation.framework in Frameworks */,
			);
			runOnlyForDeploymentPostprocessing = 0;
		};
/* End PBXFrameworksBuildPhase section */

/* Begin PBXGroup section */
		9973FAA51A824A1E0089A512 = {
			isa = PBXGroup;
			children = (
				9973FAB71A824A1E0089A512 /* SDPhotoBrowser */,
				9973FAD61A824A1F0089A512 /* SDPhotoBrowserTests */,
				9973FAB01A824A1E0089A512 /* Frameworks */,
				9973FAAF1A824A1E0089A512 /* Products */,
			);
			sourceTree = "<group>";
		};
		9973FAAF1A824A1E0089A512 /* Products */ = {
			isa = PBXGroup;
			children = (
				9973FAAE1A824A1E0089A512 /* SDPhotoBrowser.app */,
				9973FACF1A824A1F0089A512 /* SDPhotoBrowserTests.xctest */,
			);
			name = Products;
			sourceTree = "<group>";
		};
		9973FAB01A824A1E0089A512 /* Frameworks */ = {
			isa = PBXGroup;
			children = (
				9973FAB11A824A1E0089A512 /* Foundation.framework */,
				9973FAB31A824A1E0089A512 /* CoreGraphics.framework */,
				9973FAB51A824A1E0089A512 /* UIKit.framework */,
				9973FAD01A824A1F0089A512 /* XCTest.framework */,
			);
			name = Frameworks;
			sourceTree = "<group>";
		};
		9973FAB71A824A1E0089A512 /* SDPhotoBrowser */ = {
			isa = PBXGroup;
			children = (
				9973FB221A8254FF0089A512 /* Other */,
				9973FB1E1A824C8B0089A512 /* Model */,
				9973FB1A1A824B300089A512 /* View */,
				9973FAE61A824A5B0089A512 /* Controller */,
				9973FAB81A824A1E0089A512 /* Supporting Files */,
			);
			path = SDPhotoBrowser;
			sourceTree = "<group>";
		};
		9973FAB81A824A1E0089A512 /* Supporting Files */ = {
			isa = PBXGroup;
			children = (
				9973FAC91A824A1F0089A512 /* Images.xcassets */,
				9973FAB91A824A1E0089A512 /* SDPhotoBrowser-Info.plist */,
				9973FABA1A824A1E0089A512 /* InfoPlist.strings */,
				9973FABD1A824A1E0089A512 /* main.m */,
				9973FABF1A824A1E0089A512 /* SDPhotoBrowser-Prefix.pch */,
			);
			name = "Supporting Files";
			sourceTree = "<group>";
		};
		9973FAD61A824A1F0089A512 /* SDPhotoBrowserTests */ = {
			isa = PBXGroup;
			children = (
				9973FADC1A824A1F0089A512 /* SDPhotoBrowserTests.m */,
				9973FAD71A824A1F0089A512 /* Supporting Files */,
			);
			path = SDPhotoBrowserTests;
			sourceTree = "<group>";
		};
		9973FAD71A824A1F0089A512 /* Supporting Files */ = {
			isa = PBXGroup;
			children = (
				9973FAD81A824A1F0089A512 /* SDPhotoBrowserTests-Info.plist */,
				9973FAD91A824A1F0089A512 /* InfoPlist.strings */,
			);
			name = "Supporting Files";
			sourceTree = "<group>";
		};
		9973FAE61A824A5B0089A512 /* Controller */ = {
			isa = PBXGroup;
			children = (
				9973FAE71A824A800089A512 /* SDNavigationController.h */,
				999B96F71AA4A2EA00099735 /* SDTableViewController.m */,
				9973FAE81A824A800089A512 /* SDNavigationController.m */,
				9973FAEA1A824A9F0089A512 /* SDTableViewController.h */,
			);
			name = Controller;
			sourceTree = "<group>";
		};
		9973FAED1A824ACB0089A512 /* Lib */ = {
			isa = PBXGroup;
			children = (
				999B96EA1AA4A1C000099735 /* SDPhotoBrowser */,
				999B96B61AA4A11E00099735 /* SDWebImage */,
			);
			name = Lib;
			sourceTree = "<group>";
		};
		9973FB1A1A824B300089A512 /* View */ = {
			isa = PBXGroup;
			children = (
				999B96F91AA4A31C00099735 /* SDPhotoGroup.h */,
				999B96FA1AA4A31C00099735 /* SDPhotoGroup.m */,
			);
			name = View;
			sourceTree = "<group>";
		};
		9973FB1E1A824C8B0089A512 /* Model */ = {
			isa = PBXGroup;
			children = (
				9973FB1F1A824CA70089A512 /* SDPhotoItem.h */,
				9973FB201A824CA70089A512 /* SDPhotoItem.m */,
			);
			name = Model;
			sourceTree = "<group>";
		};
		9973FB221A8254FF0089A512 /* Other */ = {
			isa = PBXGroup;
			children = (
				999B96F51AA4A27E00099735 /* SDAppDelegate.m */,
				9973FAED1A824ACB0089A512 /* Lib */,
				9973FAC01A824A1E0089A512 /* SDAppDelegate.h */,
			);
			name = Other;
			sourceTree = "<group>";
		};
		999B96B61AA4A11E00099735 /* SDWebImage */ = {
			isa = PBXGroup;
			children = (
				999B96FC1AA4A6CB00099735 /* MKAnnotationView+WebCache.h */,
				999B96B81AA4A13900099735 /* MKAnnotationView+WebCache.h */,
				999B96B91AA4A13900099735 /* MKAnnotationView+WebCache.m */,
				999B96BA1AA4A13900099735 /* NSData+ImageContentType.h */,
				999B96BB1AA4A13900099735 /* NSData+ImageContentType.m */,
				999B96BC1AA4A13900099735 /* SDImageCache.h */,
				999B96BD1AA4A13900099735 /* SDImageCache.m */,
				999B96BE1AA4A13900099735 /* SDWebImageCompat.h */,
				999B96BF1AA4A13900099735 /* SDWebImageCompat.m */,
				999B96C01AA4A13900099735 /* SDWebImageDecoder.h */,
				999B96C11AA4A13900099735 /* SDWebImageDecoder.m */,
				999B96C21AA4A13900099735 /* SDWebImageDownloader.h */,
				999B96C31AA4A13900099735 /* SDWebImageDownloader.m */,
				999B96C41AA4A13900099735 /* SDWebImageDownloaderOperation.h */,
				999B96C51AA4A13900099735 /* SDWebImageDownloaderOperation.m */,
				999B96C61AA4A13900099735 /* SDWebImageManager.h */,
				999B96C71AA4A13900099735 /* SDWebImageManager.m */,
				999B96C81AA4A13900099735 /* SDWebImageOperation.h */,
				999B96C91AA4A13900099735 /* SDWebImagePrefetcher.h */,
				999B96CA1AA4A13900099735 /* SDWebImagePrefetcher.m */,
				999B96CB1AA4A13900099735 /* UIButton+WebCache.h */,
				999B96CC1AA4A13900099735 /* UIButton+WebCache.m */,
				999B96CD1AA4A13900099735 /* UIImage+GIF.h */,
				999B96CE1AA4A13900099735 /* UIImage+GIF.m */,
				999B96CF1AA4A13900099735 /* UIImage+MultiFormat.h */,
				999B96D01AA4A13900099735 /* UIImage+MultiFormat.m */,
				999B96D11AA4A13900099735 /* UIImage+WebP.h */,
				999B96D21AA4A13900099735 /* UIImage+WebP.m */,
				999B96D31AA4A13900099735 /* UIImageView+HighlightedWebCache.h */,
				999B96D41AA4A13900099735 /* UIImageView+HighlightedWebCache.m */,
				999B96D51AA4A13900099735 /* UIImageView+WebCache.h */,
				999B96D61AA4A13900099735 /* UIImageView+WebCache.m */,
				999B96D71AA4A13900099735 /* UIView+WebCacheOperation.h */,
				999B96D81AA4A13900099735 /* UIView+WebCacheOperation.m */,
			);
			path = SDWebImage;
			sourceTree = "<group>";
		};
		999B96EA1AA4A1C000099735 /* SDPhotoBrowser */ = {
			isa = PBXGroup;
			children = (
				999B96EB1AA4A1C900099735 /* SDBrowserImageView.h */,
				999B96EC1AA4A1C900099735 /* SDBrowserImageView.m */,
				999B96ED1AA4A1C900099735 /* SDPhotoBrowser.h */,
				999B96EE1AA4A1C900099735 /* SDPhotoBrowser.m */,
				999B96EF1AA4A1C900099735 /* SDPhotoBrowserConfig.h */,
				999B96F01AA4A1C900099735 /* SDWaitingView.h */,
				999B96F11AA4A1C900099735 /* SDWaitingView.m */,
			);
			path = SDPhotoBrowser;
			sourceTree = "<group>";
		};
/* End PBXGroup section */

/* Begin PBXNativeTarget section */
		9973FAAD1A824A1E0089A512 /* SDPhotoBrowser */ = {
			isa = PBXNativeTarget;
			buildConfigurationList = 9973FAE01A824A1F0089A512 /* Build configuration list for PBXNativeTarget "SDPhotoBrowser" */;
			buildPhases = (
				9973FAAA1A824A1E0089A512 /* Sources */,
				9973FAAB1A824A1E0089A512 /* Frameworks */,
				9973FAAC1A824A1E0089A512 /* Resources */,
			);
			buildRules = (
			);
			dependencies = (
			);
			name = SDPhotoBrowser;
			productName = SDPhotoBrowser;
			productReference = 9973FAAE1A824A1E0089A512 /* SDPhotoBrowser.app */;
			productType = "com.apple.product-type.application";
		};
		9973FACE1A824A1F0089A512 /* SDPhotoBrowserTests */ = {
			isa = PBXNativeTarget;
			buildConfigurationList = 9973FAE31A824A1F0089A512 /* Build configuration list for PBXNativeTarget "SDPhotoBrowserTests" */;
			buildPhases = (
				9973FACB1A824A1F0089A512 /* Sources */,
				9973FACC1A824A1F0089A512 /* Frameworks */,
				9973FACD1A824A1F0089A512 /* Resources */,
			);
			buildRules = (
			);
			dependencies = (
				9973FAD51A824A1F0089A512 /* PBXTargetDependency */,
			);
			name = SDPhotoBrowserTests;
			productName = SDPhotoBrowserTests;
			productReference = 9973FACF1A824A1F0089A512 /* SDPhotoBrowserTests.xctest */;
			productType = "com.apple.product-type.bundle.unit-test";
		};
/* End PBXNativeTarget section */

/* Begin PBXProject section */
		9973FAA61A824A1E0089A512 /* Project object */ = {
			isa = PBXProject;
			attributes = {
				CLASSPREFIX = SD;
				LastUpgradeCheck = 0510;
				ORGANIZATIONNAME = GSD;
				TargetAttributes = {
					9973FACE1A824A1F0089A512 = {
						TestTargetID = 9973FAAD1A824A1E0089A512;
					};
				};
			};
			buildConfigurationList = 9973FAA91A824A1E0089A512 /* Build configuration list for PBXProject "SDPhotoBrowser" */;
			compatibilityVersion = "Xcode 3.2";
			developmentRegion = English;
			hasScannedForEncodings = 0;
			knownRegions = (
				en,
				Base,
			);
			mainGroup = 9973FAA51A824A1E0089A512;
			productRefGroup = 9973FAAF1A824A1E0089A512 /* Products */;
			projectDirPath = "";
			projectRoot = "";
			targets = (
				9973FAAD1A824A1E0089A512 /* SDPhotoBrowser */,
				9973FACE1A824A1F0089A512 /* SDPhotoBrowserTests */,
			);
		};
/* End PBXProject section */

/* Begin PBXResourcesBuildPhase section */
		9973FAAC1A824A1E0089A512 /* Resources */ = {
			isa = PBXResourcesBuildPhase;
			buildActionMask = 2147483647;
			files = (
				9973FACA1A824A1F0089A512 /* Images.xcassets in Resources */,
				9973FABC1A824A1E0089A512 /* InfoPlist.strings in Resources */,
			);
			runOnlyForDeploymentPostprocessing = 0;
		};
		9973FACD1A824A1F0089A512 /* Resources */ = {
			isa = PBXResourcesBuildPhase;
			buildActionMask = 2147483647;
			files = (
				9973FADB1A824A1F0089A512 /* InfoPlist.strings in Resources */,
			);
			runOnlyForDeploymentPostprocessing = 0;
		};
/* End PBXResourcesBuildPhase section */

/* Begin PBXSourcesBuildPhase section */
		9973FAAA1A824A1E0089A512 /* Sources */ = {
			isa = PBXSourcesBuildPhase;
			buildActionMask = 2147483647;
			files = (
				999B96F41AA4A1C900099735 /* SDWaitingView.m in Sources */,
				999B96F31AA4A1C900099735 /* SDPhotoBrowser.m in Sources */,
				999B96E71AA4A13900099735 /* UIImageView+HighlightedWebCache.m in Sources */,
				999B96DE1AA4A13900099735 /* SDWebImageDecoder.m in Sources */,
				999B96F21AA4A1C900099735 /* SDBrowserImageView.m in Sources */,
				999B96E81AA4A13900099735 /* UIImageView+WebCache.m in Sources */,
				999B96E01AA4A13900099735 /* SDWebImageDownloaderOperation.m in Sources */,
				999B96E11AA4A13900099735 /* SDWebImageManager.m in Sources */,
				999B96FB1AA4A31C00099735 /* SDPhotoGroup.m in Sources */,
				9973FABE1A824A1E0089A512 /* main.m in Sources */,
				999B96DF1AA4A13900099735 /* SDWebImageDownloader.m in Sources */,
				999B96DA1AA4A13900099735 /* MKAnnotationView+WebCache.m in Sources */,
				999B96DD1AA4A13900099735 /* SDWebImageCompat.m in Sources */,
				999B96E21AA4A13900099735 /* SDWebImagePrefetcher.m in Sources */,
				999B96E91AA4A13900099735 /* UIView+WebCacheOperation.m in Sources */,
				999B96E51AA4A13900099735 /* UIImage+MultiFormat.m in Sources */,
				9973FAE91A824A800089A512 /* SDNavigationController.m in Sources */,
				999B96E31AA4A13900099735 /* UIButton+WebCache.m in Sources */,
				999B96F81AA4A2EA00099735 /* SDTableViewController.m in Sources */,
				999B96DC1AA4A13900099735 /* SDImageCache.m in Sources */,
				9973FB211A824CA70089A512 /* SDPhotoItem.m in Sources */,
				999B96E41AA4A13900099735 /* UIImage+GIF.m in Sources */,
				999B96DB1AA4A13900099735 /* NSData+ImageContentType.m in Sources */,
				999B96F61AA4A27E00099735 /* SDAppDelegate.m in Sources */,
				999B96E61AA4A13900099735 /* UIImage+WebP.m in Sources */,
			);
			runOnlyForDeploymentPostprocessing = 0;
		};
		9973FACB1A824A1F0089A512 /* Sources */ = {
			isa = PBXSourcesBuildPhase;
			buildActionMask = 2147483647;
			files = (
				9973FADD1A824A1F0089A512 /* SDPhotoBrowserTests.m in Sources */,
			);
			runOnlyForDeploymentPostprocessing = 0;
		};
/* End PBXSourcesBuildPhase section */

/* Begin PBXTargetDependency section */
		9973FAD51A824A1F0089A512 /* PBXTargetDependency */ = {
			isa = PBXTargetDependency;
			target = 9973FAAD1A824A1E0089A512 /* SDPhotoBrowser */;
			targetProxy = 9973FAD41A824A1F0089A512 /* PBXContainerItemProxy */;
		};
/* End PBXTargetDependency section */

/* Begin PBXVariantGroup section */
		9973FABA1A824A1E0089A512 /* InfoPlist.strings */ = {
			isa = PBXVariantGroup;
			children = (
				9973FABB1A824A1E0089A512 /* en */,
			);
			name = InfoPlist.strings;
			sourceTree = "<group>";
		};
		9973FAD91A824A1F0089A512 /* InfoPlist.strings */ = {
			isa = PBXVariantGroup;
			children = (
				9973FADA1A824A1F0089A512 /* en */,
			);
			name = InfoPlist.strings;
			sourceTree = "<group>";
		};
/* End PBXVariantGroup section */

/* Begin XCBuildConfiguration section */
		9973FADE1A824A1F0089A512 /* Debug */ = {
			isa = XCBuildConfiguration;
			buildSettings = {
				ALWAYS_SEARCH_USER_PATHS = NO;
				CLANG_CXX_LANGUAGE_STANDARD = "gnu++0x";
				CLANG_CXX_LIBRARY = "libc++";
				CLANG_ENABLE_MODULES = YES;
				CLANG_ENABLE_OBJC_ARC = YES;
				CLANG_WARN_BOOL_CONVERSION = YES;
				CLANG_WARN_CONSTANT_CONVERSION = YES;
				CLANG_WARN_DIRECT_OBJC_ISA_USAGE = YES_ERROR;
				CLANG_WARN_EMPTY_BODY = YES;
				CLANG_WARN_ENUM_CONVERSION = YES;
				CLANG_WARN_INT_CONVERSION = YES;
				CLANG_WARN_OBJC_ROOT_CLASS = YES_ERROR;
				CLANG_WARN__DUPLICATE_METHOD_MATCH = YES;
				"CODE_SIGN_IDENTITY[sdk=iphoneos*]" = "iPhone Developer";
				COPY_PHASE_STRIP = NO;
				GCC_C_LANGUAGE_STANDARD = gnu99;
				GCC_DYNAMIC_NO_PIC = NO;
				GCC_OPTIMIZATION_LEVEL = 0;
				GCC_PREPROCESSOR_DEFINITIONS = (
					"DEBUG=1",
					"$(inherited)",
				);
				GCC_SYMBOLS_PRIVATE_EXTERN = NO;
				GCC_WARN_64_TO_32_BIT_CONVERSION = YES;
				GCC_WARN_ABOUT_RETURN_TYPE = YES_ERROR;
				GCC_WARN_UNDECLARED_SELECTOR = YES;
				GCC_WARN_UNINITIALIZED_AUTOS = YES_AGGRESSIVE;
				GCC_WARN_UNUSED_FUNCTION = YES;
				GCC_WARN_UNUSED_VARIABLE = YES;
				IPHONEOS_DEPLOYMENT_TARGET = 7.1;
				ONLY_ACTIVE_ARCH = YES;
				SDKROOT = iphoneos;
			};
			name = Debug;
		};
		9973FADF1A824A1F0089A512 /* Release */ = {
			isa = XCBuildConfiguration;
			buildSettings = {
				ALWAYS_SEARCH_USER_PATHS = NO;
				CLANG_CXX_LANGUAGE_STANDARD = "gnu++0x";
				CLANG_CXX_LIBRARY = "libc++";
				CLANG_ENABLE_MODULES = YES;
				CLANG_ENABLE_OBJC_ARC = YES;
				CLANG_WARN_BOOL_CONVERSION = YES;
				CLANG_WARN_CONSTANT_CONVERSION = YES;
				CLANG_WARN_DIRECT_OBJC_ISA_USAGE = YES_ERROR;
				CLANG_WARN_EMPTY_BODY = YES;
				CLANG_WARN_ENUM_CONVERSION = YES;
				CLANG_WARN_INT_CONVERSION = YES;
				CLANG_WARN_OBJC_ROOT_CLASS = YES_ERROR;
				CLANG_WARN__DUPLICATE_METHOD_MATCH = YES;
				"CODE_SIGN_IDENTITY[sdk=iphoneos*]" = "iPhone Developer";
				COPY_PHASE_STRIP = YES;
				ENABLE_NS_ASSERTIONS = NO;
				GCC_C_LANGUAGE_STANDARD = gnu99;
				GCC_WARN_64_TO_32_BIT_CONVERSION = YES;
				GCC_WARN_ABOUT_RETURN_TYPE = YES_ERROR;
				GCC_WARN_UNDECLARED_SELECTOR = YES;
				GCC_WARN_UNINITIALIZED_AUTOS = YES_AGGRESSIVE;
				GCC_WARN_UNUSED_FUNCTION = YES;
				GCC_WARN_UNUSED_VARIABLE = YES;
				IPHONEOS_DEPLOYMENT_TARGET = 7.1;
				SDKROOT = iphoneos;
				VALIDATE_PRODUCT = YES;
			};
			name = Release;
		};
		9973FAE11A824A1F0089A512 /* Debug */ = {
			isa = XCBuildConfiguration;
			buildSettings = {
				ASSETCATALOG_COMPILER_APPICON_NAME = AppIcon;
				ASSETCATALOG_COMPILER_LAUNCHIMAGE_NAME = LaunchImage;
				CODE_SIGN_IDENTITY = "iPhone Developer";
				GCC_PRECOMPILE_PREFIX_HEADER = YES;
				GCC_PREFIX_HEADER = "SDPhotoBrowser/SDPhotoBrowser-Prefix.pch";
				INFOPLIST_FILE = "SDPhotoBrowser/SDPhotoBrowser-Info.plist";
				IPHONEOS_DEPLOYMENT_TARGET = 6.1;
				PRODUCT_NAME = "$(TARGET_NAME)";
				WRAPPER_EXTENSION = app;
			};
			name = Debug;
		};
		9973FAE21A824A1F0089A512 /* Release */ = {
			isa = XCBuildConfiguration;
			buildSettings = {
				ASSETCATALOG_COMPILER_APPICON_NAME = AppIcon;
				ASSETCATALOG_COMPILER_LAUNCHIMAGE_NAME = LaunchImage;
				CODE_SIGN_IDENTITY = "iPhone Developer";
				GCC_PRECOMPILE_PREFIX_HEADER = YES;
				GCC_PREFIX_HEADER = "SDPhotoBrowser/SDPhotoBrowser-Prefix.pch";
				INFOPLIST_FILE = "SDPhotoBrowser/SDPhotoBrowser-Info.plist";
				IPHONEOS_DEPLOYMENT_TARGET = 6.1;
				PRODUCT_NAME = "$(TARGET_NAME)";
				WRAPPER_EXTENSION = app;
			};
			name = Release;
		};
		9973FAE41A824A1F0089A512 /* Debug */ = {
			isa = XCBuildConfiguration;
			buildSettings = {
				BUNDLE_LOADER = "$(BUILT_PRODUCTS_DIR)/SDPhotoBrowser.app/SDPhotoBrowser";
				FRAMEWORK_SEARCH_PATHS = (
					"$(SDKROOT)/Developer/Library/Frameworks",
					"$(inherited)",
					"$(DEVELOPER_FRAMEWORKS_DIR)",
				);
				GCC_PRECOMPILE_PREFIX_HEADER = YES;
				GCC_PREFIX_HEADER = "SDPhotoBrowser/SDPhotoBrowser-Prefix.pch";
				GCC_PREPROCESSOR_DEFINITIONS = (
					"DEBUG=1",
					"$(inherited)",
				);
				INFOPLIST_FILE = "SDPhotoBrowserTests/SDPhotoBrowserTests-Info.plist";
				PRODUCT_NAME = "$(TARGET_NAME)";
				TEST_HOST = "$(BUNDLE_LOADER)";
				WRAPPER_EXTENSION = xctest;
			};
			name = Debug;
		};
		9973FAE51A824A1F0089A512 /* Release */ = {
			isa = XCBuildConfiguration;
			buildSettings = {
				BUNDLE_LOADER = "$(BUILT_PRODUCTS_DIR)/SDPhotoBrowser.app/SDPhotoBrowser";
				FRAMEWORK_SEARCH_PATHS = (
					"$(SDKROOT)/Developer/Library/Frameworks",
					"$(inherited)",
					"$(DEVELOPER_FRAMEWORKS_DIR)",
				);
				GCC_PRECOMPILE_PREFIX_HEADER = YES;
				GCC_PREFIX_HEADER = "SDPhotoBrowser/SDPhotoBrowser-Prefix.pch";
				INFOPLIST_FILE = "SDPhotoBrowserTests/SDPhotoBrowserTests-Info.plist";
				PRODUCT_NAME = "$(TARGET_NAME)";
				TEST_HOST = "$(BUNDLE_LOADER)";
				WRAPPER_EXTENSION = xctest;
			};
			name = Release;
		};
/* End XCBuildConfiguration section */

/* Begin XCConfigurationList section */
		9973FAA91A824A1E0089A512 /* Build configuration list for PBXProject "SDPhotoBrowser" */ = {
			isa = XCConfigurationList;
			buildConfigurations = (
				9973FADE1A824A1F0089A512 /* Debug */,
				9973FADF1A824A1F0089A512 /* Release */,
			);
			defaultConfigurationIsVisible = 0;
			defaultConfigurationName = Release;
		};
		9973FAE01A824A1F0089A512 /* Build configuration list for PBXNativeTarget "SDPhotoBrowser" */ = {
			isa = XCConfigurationList;
			buildConfigurations = (
				9973FAE11A824A1F0089A512 /* Debug */,
				9973FAE21A824A1F0089A512 /* Release */,
			);
			defaultConfigurationIsVisible = 0;
			defaultConfigurationName = Release;
		};
		9973FAE31A824A1F0089A512 /* Build configuration list for PBXNativeTarget "SDPhotoBrowserTests" */ = {
			isa = XCConfigurationList;
			buildConfigurations = (
				9973FAE41A824A1F0089A512 /* Debug */,
				9973FAE51A824A1F0089A512 /* Release */,
			);
			defaultConfigurationIsVisible = 0;
			defaultConfigurationName = Release;
		};
/* End XCConfigurationList section */
	};
	rootObject = 9973FAA61A824A1E0089A512 /* Project object */;
}
