// !$*UTF8*$!
{
	archiveVersion = 1;
	classes = {
	};
	objectVersion = 46;
	objects = {

/* Begin PBXBuildFile section */
		485A09B81C50D5700040EA25 /* Launch Screen.storyboard in Resources */ = {isa = PBXBuildFile; fileRef = 485A09821C50D5700040EA25 /* Launch Screen.storyboard */; };
		485A09B91C50D5700040EA25 /* main.m in Sources */ = {isa = PBXBuildFile; fileRef = 485A09831C50D5700040EA25 /* main.m */; };
		485A09BA1C50D5700040EA25 /* SDAppDelegate.m in Sources */ = {isa = PBXBuildFile; fileRef = 485A09851C50D5700040EA25 /* SDAppDelegate.m */; };
		485A09BB1C50D5700040EA25 /* SDNavigationController.m in Sources */ = {isa = PBXBuildFile; fileRef = 485A09871C50D5700040EA25 /* SDNavigationController.m */; };
		485A09BC1C50D5700040EA25 /* SDPhotoBrowser-Info.plist in Resources */ = {isa = PBXBuildFile; fileRef = 485A09881C50D5700040EA25 /* SDPhotoBrowser-Info.plist */; };
		485A09BD1C50D5700040EA25 /* SDBrowserImageView.m in Sources */ = {isa = PBXBuildFile; fileRef = 485A098C1C50D5700040EA25 /* SDBrowserImageView.m */; };
		485A09BE1C50D5700040EA25 /* SDPhotoBrowser.m in Sources */ = {isa = PBXBuildFile; fileRef = 485A098E1C50D5700040EA25 /* SDPhotoBrowser.m */; };
		485A09BF1C50D5700040EA25 /* SDWaitingView.m in Sources */ = {isa = PBXBuildFile; fileRef = 485A09911C50D5700040EA25 /* SDWaitingView.m */; };
		485A09C01C50D5700040EA25 /* MKAnnotationView+WebCache.m in Sources */ = {isa = PBXBuildFile; fileRef = 485A09951C50D5700040EA25 /* MKAnnotationView+WebCache.m */; };
		485A09C11C50D5700040EA25 /* NSData+ImageContentType.m in Sources */ = {isa = PBXBuildFile; fileRef = 485A09971C50D5700040EA25 /* NSData+ImageContentType.m */; };
		485A09C21C50D5700040EA25 /* SDImageCache.m in Sources */ = {isa = PBXBuildFile; fileRef = 485A09991C50D5700040EA25 /* SDImageCache.m */; };
		485A09C31C50D5700040EA25 /* SDWebImageCompat.m in Sources */ = {isa = PBXBuildFile; fileRef = 485A099B1C50D5700040EA25 /* SDWebImageCompat.m */; };
		485A09C41C50D5700040EA25 /* SDWebImageDecoder.m in Sources */ = {isa = PBXBuildFile; fileRef = 485A099D1C50D5700040EA25 /* SDWebImageDecoder.m */; };
		485A09C51C50D5700040EA25 /* SDWebImageDownloader.m in Sources */ = {isa = PBXBuildFile; fileRef = 485A099F1C50D5700040EA25 /* SDWebImageDownloader.m */; };
		485A09C61C50D5700040EA25 /* SDWebImageDownloaderOperation.m in Sources */ = {isa = PBXBuildFile; fileRef = 485A09A11C50D5700040EA25 /* SDWebImageDownloaderOperation.m */; };
		485A09C71C50D5700040EA25 /* SDWebImageManager.m in Sources */ = {isa = PBXBuildFile; fileRef = 485A09A31C50D5700040EA25 /* SDWebImageManager.m */; };
		485A09C81C50D5700040EA25 /* SDWebImagePrefetcher.m in Sources */ = {isa = PBXBuildFile; fileRef = 485A09A61C50D5700040EA25 /* SDWebImagePrefetcher.m */; };
		485A09C91C50D5700040EA25 /* UIButton+WebCache.m in Sources */ = {isa = PBXBuildFile; fileRef = 485A09A81C50D5700040EA25 /* UIButton+WebCache.m */; };
		485A09CA1C50D5700040EA25 /* UIImage+GIF.m in Sources */ = {isa = PBXBuildFile; fileRef = 485A09AA1C50D5700040EA25 /* UIImage+GIF.m */; };
		485A09CB1C50D5700040EA25 /* UIImage+MultiFormat.m in Sources */ = {isa = PBXBuildFile; fileRef = 485A09AC1C50D5700040EA25 /* UIImage+MultiFormat.m */; };
		485A09CC1C50D5700040EA25 /* UIImage+WebP.m in Sources */ = {isa = PBXBuildFile; fileRef = 485A09AE1C50D5700040EA25 /* UIImage+WebP.m */; };
		485A09CD1C50D5700040EA25 /* UIImageView+HighlightedWebCache.m in Sources */ = {isa = PBXBuildFile; fileRef = 485A09B01C50D5700040EA25 /* UIImageView+HighlightedWebCache.m */; };
		485A09CE1C50D5700040EA25 /* UIImageView+WebCache.m in Sources */ = {isa = PBXBuildFile; fileRef = 485A09B21C50D5700040EA25 /* UIImageView+WebCache.m */; };
		485A09CF1C50D5700040EA25 /* UIView+WebCacheOperation.m in Sources */ = {isa = PBXBuildFile; fileRef = 485A09B41C50D5700040EA25 /* UIView+WebCacheOperation.m */; };
		485A09D01C50D5FA0040EA25 /* SDPhotoBrowser-Prefix.pch in Sources */ = {isa = PBXBuildFile; fileRef = 485A09891C50D5700040EA25 /* SDPhotoBrowser-Prefix.pch */; };
		485A09E01C50DDE70040EA25 /* SDDemoCell.m in Sources */ = {isa = PBXBuildFile; fileRef = 485A09D81C50DDE70040EA25 /* SDDemoCell.m */; };
		485A09E11C50DDE70040EA25 /* SDPhotoGroup.m in Sources */ = {isa = PBXBuildFile; fileRef = 485A09DA1C50DDE70040EA25 /* SDPhotoGroup.m */; };
		485A09E21C50DDE70040EA25 /* SDPhotoItem.m in Sources */ = {isa = PBXBuildFile; fileRef = 485A09DD1C50DDE70040EA25 /* SDPhotoItem.m */; };
		485A09E31C50DDE70040EA25 /* SDTableViewController.m in Sources */ = {isa = PBXBuildFile; fileRef = 485A09DF1C50DDE70040EA25 /* SDTableViewController.m */; };
		485A09E71C50DE490040EA25 /* SDCollectionViewDemoCell.m in Sources */ = {isa = PBXBuildFile; fileRef = 485A09E61C50DE490040EA25 /* SDCollectionViewDemoCell.m */; };
		485A09EA1C50E39F0040EA25 /* SDCollectionViewController.m in Sources */ = {isa = PBXBuildFile; fileRef = 485A09E91C50E39F0040EA25 /* SDCollectionViewController.m */; };
		9973FAB21A824A1E0089A512 /* Foundation.framework in Frameworks */ = {isa = PBXBuildFile; fileRef = 9973FAB11A824A1E0089A512 /* Foundation.framework */; };
		9973FAB41A824A1E0089A512 /* CoreGraphics.framework in Frameworks */ = {isa = PBXBuildFile; fileRef = 9973FAB31A824A1E0089A512 /* CoreGraphics.framework */; };
		9973FAB61A824A1E0089A512 /* UIKit.framework in Frameworks */ = {isa = PBXBuildFile; fileRef = 9973FAB51A824A1E0089A512 /* UIKit.framework */; };
		9973FABC1A824A1E0089A512 /* InfoPlist.strings in Resources */ = {isa = PBXBuildFile; fileRef = 9973FABA1A824A1E0089A512 /* InfoPlist.strings */; };
		9973FACA1A824A1F0089A512 /* Images.xcassets in Resources */ = {isa = PBXBuildFile; fileRef = 9973FAC91A824A1F0089A512 /* Images.xcassets */; };
		9973FAD11A824A1F0089A512 /* XCTest.framework in Frameworks */ = {isa = PBXBuildFile; fileRef = 9973FAD01A824A1F0089A512 /* XCTest.framework */; };
		9973FAD21A824A1F0089A512 /* Foundation.framework in Frameworks */ = {isa = PBXBuildFile; fileRef = 9973FAB11A824A1E0089A512 /* Foundation.framework */; };
		9973FAD31A824A1F0089A512 /* UIKit.framework in Frameworks */ = {isa = PBXBuildFile; fileRef = 9973FAB51A824A1E0089A512 /* UIKit.framework */; };
		9973FADB1A824A1F0089A512 /* InfoPlist.strings in Resources */ = {isa = PBXBuildFile; fileRef = 9973FAD91A824A1F0089A512 /* InfoPlist.strings */; };
		9973FADD1A824A1F0089A512 /* SDPhotoBrowserTests.m in Sources */ = {isa = PBXBuildFile; fileRef = 9973FADC1A824A1F0089A512 /* SDPhotoBrowserTests.m */; };
/* End PBXBuildFile section */

/* Begin PBXContainerItemProxy section */
		9973FAD41A824A1F0089A512 /* PBXContainerItemProxy */ = {
			isa = PBXContainerItemProxy;
			containerPortal = 9973FAA61A824A1E0089A512 /* Project object */;
			proxyType = 1;
			remoteGlobalIDString = 9973FAAD1A824A1E0089A512;
			remoteInfo = SDPhotoBrowser;
		};
/* End PBXContainerItemProxy section */

/* Begin PBXFileReference section */
		485A09821C50D5700040EA25 /* Launch Screen.storyboard */ = {isa = PBXFileReference; fileEncoding = 4; lastKnownFileType = file.storyboard; path = "Launch Screen.storyboard"; sourceTree = "<group>"; };
		485A09831C50D5700040EA25 /* main.m */ = {isa = PBXFileReference; fileEncoding = 4; lastKnownFileType = sourcecode.c.objc; path = main.m; sourceTree = "<group>"; };
		485A09841C50D5700040EA25 /* SDAppDelegate.h */ = {isa = PBXFileReference; fileEncoding = 4; lastKnownFileType = sourcecode.c.h; path = SDAppDelegate.h; sourceTree = "<group>"; };
		485A09851C50D5700040EA25 /* SDAppDelegate.m */ = {isa = PBXFileReference; fileEncoding = 4; lastKnownFileType = sourcecode.c.objc; path = SDAppDelegate.m; sourceTree = "<group>"; };
		485A09861C50D5700040EA25 /* SDNavigationController.h */ = {isa = PBXFileReference; fileEncoding = 4; lastKnownFileType = sourcecode.c.h; path = SDNavigationController.h; sourceTree = "<group>"; };
		485A09871C50D5700040EA25 /* SDNavigationController.m */ = {isa = PBXFileReference; fileEncoding = 4; lastKnownFileType = sourcecode.c.objc; path = SDNavigationController.m; sourceTree = "<group>"; };
		485A09881C50D5700040EA25 /* SDPhotoBrowser-Info.plist */ = {isa = PBXFileReference; fileEncoding = 4; lastKnownFileType = text.plist.xml; path = "SDPhotoBrowser-Info.plist"; sourceTree = "<group>"; };
		485A09891C50D5700040EA25 /* SDPhotoBrowser-Prefix.pch */ = {isa = PBXFileReference; fileEncoding = 4; lastKnownFileType = sourcecode.c.h; path = "SDPhotoBrowser-Prefix.pch"; sourceTree = "<group>"; };
		485A098B1C50D5700040EA25 /* SDBrowserImageView.h */ = {isa = PBXFileReference; fileEncoding = 4; lastKnownFileType = sourcecode.c.h; path = SDBrowserImageView.h; sourceTree = "<group>"; };
		485A098C1C50D5700040EA25 /* SDBrowserImageView.m */ = {isa = PBXFileReference; fileEncoding = 4; lastKnownFileType = sourcecode.c.objc; path = SDBrowserImageView.m; sourceTree = "<group>"; };
		485A098D1C50D5700040EA25 /* SDPhotoBrowser.h */ = {isa = PBXFileReference; fileEncoding = 4; lastKnownFileType = sourcecode.c.h; path = SDPhotoBrowser.h; sourceTree = "<group>"; };
		485A098E1C50D5700040EA25 /* SDPhotoBrowser.m */ = {isa = PBXFileReference; fileEncoding = 4; lastKnownFileType = sourcecode.c.objc; path = SDPhotoBrowser.m; sourceTree = "<group>"; };
		485A098F1C50D5700040EA25 /* SDPhotoBrowserConfig.h */ = {isa = PBXFileReference; fileEncoding = 4; lastKnownFileType = sourcecode.c.h; path = SDPhotoBrowserConfig.h; sourceTree = "<group>"; };
		485A09901C50D5700040EA25 /* SDWaitingView.h */ = {isa = PBXFileReference; fileEncoding = 4; lastKnownFileType = sourcecode.c.h; path = SDWaitingView.h; sourceTree = "<group>"; };
		485A09911C50D5700040EA25 /* SDWaitingView.m */ = {isa = PBXFileReference; fileEncoding = 4; lastKnownFileType = sourcecode.c.objc; path = SDWaitingView.m; sourceTree = "<group>"; };
		485A09941C50D5700040EA25 /* MKAnnotationView+WebCache.h */ = {isa = PBXFileReference; fileEncoding = 4; lastKnownFileType = sourcecode.c.h; path = "MKAnnotationView+WebCache.h"; sourceTree = "<group>"; };
		485A09951C50D5700040EA25 /* MKAnnotationView+WebCache.m */ = {isa = PBXFileReference; fileEncoding = 4; lastKnownFileType = sourcecode.c.objc; path = "MKAnnotationView+WebCache.m"; sourceTree = "<group>"; };
		485A09961C50D5700040EA25 /* NSData+ImageContentType.h */ = {isa = PBXFileReference; fileEncoding = 4; lastKnownFileType = sourcecode.c.h; path = "NSData+ImageContentType.h"; sourceTree = "<group>"; };
		485A09971C50D5700040EA25 /* NSData+ImageContentType.m */ = {isa = PBXFileReference; fileEncoding = 4; lastKnownFileType = sourcecode.c.objc; path = "NSData+ImageContentType.m"; sourceTree = "<group>"; };
		485A09981C50D5700040EA25 /* SDImageCache.h */ = {isa = PBXFileReference; fileEncoding = 4; lastKnownFileType = sourcecode.c.h; path = SDImageCache.h; sourceTree = "<group>"; };
		485A09991C50D5700040EA25 /* SDImageCache.m */ = {isa = PBXFileReference; fileEncoding = 4; lastKnownFileType = sourcecode.c.objc; path = SDImageCache.m; sourceTree = "<group>"; };
		485A099A1C50D5700040EA25 /* SDWebImageCompat.h */ = {isa = PBXFileReference; fileEncoding = 4; lastKnownFileType = sourcecode.c.h; path = SDWebImageCompat.h; sourceTree = "<group>"; };
		485A099B1C50D5700040EA25 /* SDWebImageCompat.m */ = {isa = PBXFileReference; fileEncoding = 4; lastKnownFileType = sourcecode.c.objc; path = SDWebImageCompat.m; sourceTree = "<group>"; };
		485A099C1C50D5700040EA25 /* SDWebImageDecoder.h */ = {isa = PBXFileReference; fileEncoding = 4; lastKnownFileType = sourcecode.c.h; path = SDWebImageDecoder.h; sourceTree = "<group>"; };
		485A099D1C50D5700040EA25 /* SDWebImageDecoder.m */ = {isa = PBXFileReference; fileEncoding = 4; lastKnownFileType = sourcecode.c.objc; path = SDWebImageDecoder.m; sourceTree = "<group>"; };
		485A099E1C50D5700040EA25 /* SDWebImageDownloader.h */ = {isa = PBXFileReference; fileEncoding = 4; lastKnownFileType = sourcecode.c.h; path = SDWebImageDownloader.h; sourceTree = "<group>"; };
		485A099F1C50D5700040EA25 /* SDWebImageDownloader.m */ = {isa = PBXFileReference; fileEncoding = 4; lastKnownFileType = sourcecode.c.objc; path = SDWebImageDownloader.m; sourceTree = "<group>"; };
		485A09A01C50D5700040EA25 /* SDWebImageDownloaderOperation.h */ = {isa = PBXFileReference; fileEncoding = 4; lastKnownFileType = sourcecode.c.h; path = SDWebImageDownloaderOperation.h; sourceTree = "<group>"; };
		485A09A11C50D5700040EA25 /* SDWebImageDownloaderOperation.m */ = {isa = PBXFileReference; fileEncoding = 4; lastKnownFileType = sourcecode.c.objc; path = SDWebImageDownloaderOperation.m; sourceTree = "<group>"; };
		485A09A21C50D5700040EA25 /* SDWebImageManager.h */ = {isa = PBXFileReference; fileEncoding = 4; lastKnownFileType = sourcecode.c.h; path = SDWebImageManager.h; sourceTree = "<group>"; };
		485A09A31C50D5700040EA25 /* SDWebImageManager.m */ = {isa = PBXFileReference; fileEncoding = 4; lastKnownFileType = sourcecode.c.objc; path = SDWebImageManager.m; sourceTree = "<group>"; };
		485A09A41C50D5700040EA25 /* SDWebImageOperation.h */ = {isa = PBXFileReference; fileEncoding = 4; lastKnownFileType = sourcecode.c.h; path = SDWebImageOperation.h; sourceTree = "<group>"; };
		485A09A51C50D5700040EA25 /* SDWebImagePrefetcher.h */ = {isa = PBXFileReference; fileEncoding = 4; lastKnownFileType = sourcecode.c.h; path = SDWebImagePrefetcher.h; sourceTree = "<group>"; };
		485A09A61C50D5700040EA25 /* SDWebImagePrefetcher.m */ = {isa = PBXFileReference; fileEncoding = 4; lastKnownFileType = sourcecode.c.objc; path = SDWebImagePrefetcher.m; sourceTree = "<group>"; };
		485A09A71C50D5700040EA25 /* UIButton+WebCache.h */ = {isa = PBXFileReference; fileEncoding = 4; lastKnownFileType = sourcecode.c.h; path = "UIButton+WebCache.h"; sourceTree = "<group>"; };
		485A09A81C50D5700040EA25 /* UIButton+WebCache.m */ = {isa = PBXFileReference; fileEncoding = 4; lastKnownFileType = sourcecode.c.objc; path = "UIButton+WebCache.m"; sourceTree = "<group>"; };
		485A09A91C50D5700040EA25 /* UIImage+GIF.h */ = {isa = PBXFileReference; fileEncoding = 4; lastKnownFileType = sourcecode.c.h; path = "UIImage+GIF.h"; sourceTree = "<group>"; };
		485A09AA1C50D5700040EA25 /* UIImage+GIF.m */ = {isa = PBXFileReference; fileEncoding = 4; lastKnownFileType = sourcecode.c.objc; path = "UIImage+GIF.m"; sourceTree = "<group>"; };
		485A09AB1C50D5700040EA25 /* UIImage+MultiFormat.h */ = {isa = PBXFileReference; fileEncoding = 4; lastKnownFileType = sourcecode.c.h; path = "UIImage+MultiFormat.h"; sourceTree = "<group>"; };
		485A09AC1C50D5700040EA25 /* UIImage+MultiFormat.m */ = {isa = PBXFileReference; fileEncoding = 4; lastKnownFileType = sourcecode.c.objc; path = "UIImage+MultiFormat.m"; sourceTree = "<group>"; };
		485A09AD1C50D5700040EA25 /* UIImage+WebP.h */ = {isa = PBXFileReference; fileEncoding = 4; lastKnownFileType = sourcecode.c.h; path = "UIImage+WebP.h"; sourceTree = "<group>"; };
		485A09AE1C50D5700040EA25 /* UIImage+WebP.m */ = {isa = PBXFileReference; fileEncoding = 4; lastKnownFileType = sourcecode.c.objc; path = "UIImage+WebP.m"; sourceTree = "<group>"; };
		485A09AF1C50D5700040EA25 /* UIImageView+HighlightedWebCache.h */ = {isa = PBXFileReference; fileEncoding = 4; lastKnownFileType = sourcecode.c.h; path = "UIImageView+HighlightedWebCache.h"; sourceTree = "<group>"; };
		485A09B01C50D5700040EA25 /* UIImageView+HighlightedWebCache.m */ = {isa = PBXFileReference; fileEncoding = 4; lastKnownFileType = sourcecode.c.objc; path = "UIImageView+HighlightedWebCache.m"; sourceTree = "<group>"; };
		485A09B11C50D5700040EA25 /* UIImageView+WebCache.h */ = {isa = PBXFileReference; fileEncoding = 4; lastKnownFileType = sourcecode.c.h; path = "UIImageView+WebCache.h"; sourceTree = "<group>"; };
		485A09B21C50D5700040EA25 /* UIImageView+WebCache.m */ = {isa = PBXFileReference; fileEncoding = 4; lastKnownFileType = sourcecode.c.objc; path = "UIImageView+WebCache.m"; sourceTree = "<group>"; };
		485A09B31C50D5700040EA25 /* UIView+WebCacheOperation.h */ = {isa = PBXFileReference; fileEncoding = 4; lastKnownFileType = sourcecode.c.h; path = "UIView+WebCacheOperation.h"; sourceTree = "<group>"; };
		485A09B41C50D5700040EA25 /* UIView+WebCacheOperation.m */ = {isa = PBXFileReference; fileEncoding = 4; lastKnownFileType = sourcecode.c.objc; path = "UIView+WebCacheOperation.m"; sourceTree = "<group>"; };
		485A09D71C50DDE70040EA25 /* SDDemoCell.h */ = {isa = PBXFileReference; fileEncoding = 4; lastKnownFileType = sourcecode.c.h; path = SDDemoCell.h; sourceTree = "<group>"; };
		485A09D81C50DDE70040EA25 /* SDDemoCell.m */ = {isa = PBXFileReference; fileEncoding = 4; lastKnownFileType = sourcecode.c.objc; path = SDDemoCell.m; sourceTree = "<group>"; };
		485A09D91C50DDE70040EA25 /* SDPhotoGroup.h */ = {isa = PBXFileReference; fileEncoding = 4; lastKnownFileType = sourcecode.c.h; path = SDPhotoGroup.h; sourceTree = "<group>"; };
		485A09DA1C50DDE70040EA25 /* SDPhotoGroup.m */ = {isa = PBXFileReference; fileEncoding = 4; lastKnownFileType = sourcecode.c.objc; path = SDPhotoGroup.m; sourceTree = "<group>"; };
		485A09DC1C50DDE70040EA25 /* SDPhotoItem.h */ = {isa = PBXFileReference; fileEncoding = 4; lastKnownFileType = sourcecode.c.h; path = SDPhotoItem.h; sourceTree = "<group>"; };
		485A09DD1C50DDE70040EA25 /* SDPhotoItem.m */ = {isa = PBXFileReference; fileEncoding = 4; lastKnownFileType = sourcecode.c.objc; path = SDPhotoItem.m; sourceTree = "<group>"; };
		485A09DE1C50DDE70040EA25 /* SDTableViewController.h */ = {isa = PBXFileReference; fileEncoding = 4; lastKnownFileType = sourcecode.c.h; path = SDTableViewController.h; sourceTree = "<group>"; };
		485A09DF1C50DDE70040EA25 /* SDTableViewController.m */ = {isa = PBXFileReference; fileEncoding = 4; lastKnownFileType = sourcecode.c.objc; path = SDTableViewController.m; sourceTree = "<group>"; };
		485A09E51C50DE490040EA25 /* SDCollectionViewDemoCell.h */ = {isa = PBXFileReference; fileEncoding = 4; lastKnownFileType = sourcecode.c.h; path = SDCollectionViewDemoCell.h; sourceTree = "<group>"; };
		485A09E61C50DE490040EA25 /* SDCollectionViewDemoCell.m */ = {isa = PBXFileReference; fileEncoding = 4; lastKnownFileType = sourcecode.c.objc; path = SDCollectionViewDemoCell.m; sourceTree = "<group>"; };
		485A09E81C50E39F0040EA25 /* SDCollectionViewController.h */ = {isa = PBXFileReference; fileEncoding = 4; lastKnownFileType = sourcecode.c.h; path = SDCollectionViewController.h; sourceTree = "<group>"; };
		485A09E91C50E39F0040EA25 /* SDCollectionViewController.m */ = {isa = PBXFileReference; fileEncoding = 4; lastKnownFileType = sourcecode.c.objc; path = SDCollectionViewController.m; sourceTree = "<group>"; };
		9973FAAE1A824A1E0089A512 /* SDPhotoBrowser.app */ = {isa = PBXFileReference; explicitFileType = wrapper.application; includeInIndex = 0; path = SDPhotoBrowser.app; sourceTree = BUILT_PRODUCTS_DIR; };
		9973FAB11A824A1E0089A512 /* Foundation.framework */ = {isa = PBXFileReference; lastKnownFileType = wrapper.framework; name = Foundation.framework; path = System/Library/Frameworks/Foundation.framework; sourceTree = SDKROOT; };
		9973FAB31A824A1E0089A512 /* CoreGraphics.framework */ = {isa = PBXFileReference; lastKnownFileType = wrapper.framework; name = CoreGraphics.framework; path = System/Library/Frameworks/CoreGraphics.framework; sourceTree = SDKROOT; };
		9973FAB51A824A1E0089A512 /* UIKit.framework */ = {isa = PBXFileReference; lastKnownFileType = wrapper.framework; name = UIKit.framework; path = System/Library/Frameworks/UIKit.framework; sourceTree = SDKROOT; };
		9973FABB1A824A1E0089A512 /* en */ = {isa = PBXFileReference; lastKnownFileType = text.plist.strings; name = en; path = en.lproj/InfoPlist.strings; sourceTree = "<group>"; };
		9973FAC91A824A1F0089A512 /* Images.xcassets */ = {isa = PBXFileReference; lastKnownFileType = folder.assetcatalog; path = Images.xcassets; sourceTree = "<group>"; };
		9973FACF1A824A1F0089A512 /* SDPhotoBrowserTests.xctest */ = {isa = PBXFileReference; explicitFileType = wrapper.cfbundle; includeInIndex = 0; path = SDPhotoBrowserTests.xctest; sourceTree = BUILT_PRODUCTS_DIR; };
		9973FAD01A824A1F0089A512 /* XCTest.framework */ = {isa = PBXFileReference; lastKnownFileType = wrapper.framework; name = XCTest.framework; path = Library/Frameworks/XCTest.framework; sourceTree = DEVELOPER_DIR; };
		9973FAD81A824A1F0089A512 /* SDPhotoBrowserTests-Info.plist */ = {isa = PBXFileReference; lastKnownFileType = text.plist.xml; path = "SDPhotoBrowserTests-Info.plist"; sourceTree = "<group>"; };
		9973FADA1A824A1F0089A512 /* en */ = {isa = PBXFileReference; lastKnownFileType = text.plist.strings; name = en; path = en.lproj/InfoPlist.strings; sourceTree = "<group>"; };
		9973FADC1A824A1F0089A512 /* SDPhotoBrowserTests.m */ = {isa = PBXFileReference; lastKnownFileType = sourcecode.c.objc; path = SDPhotoBrowserTests.m; sourceTree = "<group>"; };
/* End PBXFileReference section */

/* Begin PBXFrameworksBuildPhase section */
		9973FAAB1A824A1E0089A512 /* Frameworks */ = {
			isa = PBXFrameworksBuildPhase;
			buildActionMask = 2147483647;
			files = (
				9973FAB41A824A1E0089A512 /* CoreGraphics.framework in Frameworks */,
				9973FAB61A824A1E0089A512 /* UIKit.framework in Frameworks */,
				9973FAB21A824A1E0089A512 /* Foundation.framework in Frameworks */,
			);
			runOnlyForDeploymentPostprocessing = 0;
		};
		9973FACC1A824A1F0089A512 /* Frameworks */ = {
			isa = PBXFrameworksBuildPhase;
			buildActionMask = 2147483647;
			files = (
				9973FAD11A824A1F0089A512 /* XCTest.framework in Frameworks */,
				9973FAD31A824A1F0089A512 /* UIKit.framework in Frameworks */,
				9973FAD21A824A1F0089A512 /* Foundation.framework in Frameworks */,
			);
			runOnlyForDeploymentPostprocessing = 0;
		};
/* End PBXFrameworksBuildPhase section */

/* Begin PBXGroup section */
		485A09771C50D5700040EA25 /* Demo */ = {
			isa = PBXGroup;
			children = (
				485A09781C50D5700040EA25 /* DemoVC */,
			);
			path = Demo;
			sourceTree = "<group>";
		};
		485A09781C50D5700040EA25 /* DemoVC */ = {
			isa = PBXGroup;
			children = (
				485A09D51C50DDE70040EA25 /* DemoTableViewVC */,
				485A09D41C50DDD30040EA25 /* DemoCollectionViewVC */,
			);
			path = DemoVC;
			sourceTree = "<group>";
		};
		485A09811C50D5700040EA25 /* Others */ = {
			isa = PBXGroup;
			children = (
				485A09821C50D5700040EA25 /* Launch Screen.storyboard */,
				485A09831C50D5700040EA25 /* main.m */,
				485A09841C50D5700040EA25 /* SDAppDelegate.h */,
				485A09851C50D5700040EA25 /* SDAppDelegate.m */,
				485A09861C50D5700040EA25 /* SDNavigationController.h */,
				485A09871C50D5700040EA25 /* SDNavigationController.m */,
				485A09881C50D5700040EA25 /* SDPhotoBrowser-Info.plist */,
				485A09891C50D5700040EA25 /* SDPhotoBrowser-Prefix.pch */,
			);
			path = Others;
			sourceTree = "<group>";
		};
		485A098A1C50D5700040EA25 /* SDPhotoBrowser */ = {
			isa = PBXGroup;
			children = (
				485A098B1C50D5700040EA25 /* SDBrowserImageView.h */,
				485A098C1C50D5700040EA25 /* SDBrowserImageView.m */,
				485A098D1C50D5700040EA25 /* SDPhotoBrowser.h */,
				485A098E1C50D5700040EA25 /* SDPhotoBrowser.m */,
				485A098F1C50D5700040EA25 /* SDPhotoBrowserConfig.h */,
				485A09901C50D5700040EA25 /* SDWaitingView.h */,
				485A09911C50D5700040EA25 /* SDWaitingView.m */,
			);
			path = SDPhotoBrowser;
			sourceTree = "<group>";
		};
		485A09921C50D5700040EA25 /* Vender */ = {
			isa = PBXGroup;
			children = (
				485A09931C50D5700040EA25 /* SDWebImage */,
			);
			path = Vender;
			sourceTree = "<group>";
		};
		485A09931C50D5700040EA25 /* SDWebImage */ = {
			isa = PBXGroup;
			children = (
				485A09941C50D5700040EA25 /* MKAnnotationView+WebCache.h */,
				485A09951C50D5700040EA25 /* MKAnnotationView+WebCache.m */,
				485A09961C50D5700040EA25 /* NSData+ImageContentType.h */,
				485A09971C50D5700040EA25 /* NSData+ImageContentType.m */,
				485A09981C50D5700040EA25 /* SDImageCache.h */,
				485A09991C50D5700040EA25 /* SDImageCache.m */,
				485A099A1C50D5700040EA25 /* SDWebImageCompat.h */,
				485A099B1C50D5700040EA25 /* SDWebImageCompat.m */,
				485A099C1C50D5700040EA25 /* SDWebImageDecoder.h */,
				485A099D1C50D5700040EA25 /* SDWebImageDecoder.m */,
				485A099E1C50D5700040EA25 /* SDWebImageDownloader.h */,
				485A099F1C50D5700040EA25 /* SDWebImageDownloader.m */,
				485A09A01C50D5700040EA25 /* SDWebImageDownloaderOperation.h */,
				485A09A11C50D5700040EA25 /* SDWebImageDownloaderOperation.m */,
				485A09A21C50D5700040EA25 /* SDWebImageManager.h */,
				485A09A31C50D5700040EA25 /* SDWebImageManager.m */,
				485A09A41C50D5700040EA25 /* SDWebImageOperation.h */,
				485A09A51C50D5700040EA25 /* SDWebImagePrefetcher.h */,
				485A09A61C50D5700040EA25 /* SDWebImagePrefetcher.m */,
				485A09A71C50D5700040EA25 /* UIButton+WebCache.h */,
				485A09A81C50D5700040EA25 /* UIButton+WebCache.m */,
				485A09A91C50D5700040EA25 /* UIImage+GIF.h */,
				485A09AA1C50D5700040EA25 /* UIImage+GIF.m */,
				485A09AB1C50D5700040EA25 /* UIImage+MultiFormat.h */,
				485A09AC1C50D5700040EA25 /* UIImage+MultiFormat.m */,
				485A09AD1C50D5700040EA25 /* UIImage+WebP.h */,
				485A09AE1C50D5700040EA25 /* UIImage+WebP.m */,
				485A09AF1C50D5700040EA25 /* UIImageView+HighlightedWebCache.h */,
				485A09B01C50D5700040EA25 /* UIImageView+HighlightedWebCache.m */,
				485A09B11C50D5700040EA25 /* UIImageView+WebCache.h */,
				485A09B21C50D5700040EA25 /* UIImageView+WebCache.m */,
				485A09B31C50D5700040EA25 /* UIView+WebCacheOperation.h */,
				485A09B41C50D5700040EA25 /* UIView+WebCacheOperation.m */,
			);
			path = SDWebImage;
			sourceTree = "<group>";
		};
		485A09D41C50DDD30040EA25 /* DemoCollectionViewVC */ = {
			isa = PBXGroup;
			children = (
				485A09E41C50DE1A0040EA25 /* Cell */,
				485A09E81C50E39F0040EA25 /* SDCollectionViewController.h */,
				485A09E91C50E39F0040EA25 /* SDCollectionViewController.m */,
			);
			path = DemoCollectionViewVC;
			sourceTree = "<group>";
		};
		485A09D51C50DDE70040EA25 /* DemoTableViewVC */ = {
			isa = PBXGroup;
			children = (
				485A09D61C50DDE70040EA25 /* Cell */,
				485A09DB1C50DDE70040EA25 /* Model */,
				485A09DE1C50DDE70040EA25 /* SDTableViewController.h */,
				485A09DF1C50DDE70040EA25 /* SDTableViewController.m */,
			);
			path = DemoTableViewVC;
			sourceTree = "<group>";
		};
		485A09D61C50DDE70040EA25 /* Cell */ = {
			isa = PBXGroup;
			children = (
				485A09D71C50DDE70040EA25 /* SDDemoCell.h */,
				485A09D81C50DDE70040EA25 /* SDDemoCell.m */,
				485A09D91C50DDE70040EA25 /* SDPhotoGroup.h */,
				485A09DA1C50DDE70040EA25 /* SDPhotoGroup.m */,
			);
			path = Cell;
			sourceTree = "<group>";
		};
		485A09DB1C50DDE70040EA25 /* Model */ = {
			isa = PBXGroup;
			children = (
				485A09DC1C50DDE70040EA25 /* SDPhotoItem.h */,
				485A09DD1C50DDE70040EA25 /* SDPhotoItem.m */,
			);
			path = Model;
			sourceTree = "<group>";
		};
		485A09E41C50DE1A0040EA25 /* Cell */ = {
			isa = PBXGroup;
			children = (
				485A09E51C50DE490040EA25 /* SDCollectionViewDemoCell.h */,
				485A09E61C50DE490040EA25 /* SDCollectionViewDemoCell.m */,
			);
			path = Cell;
			sourceTree = "<group>";
		};
		9973FAA51A824A1E0089A512 = {
			isa = PBXGroup;
			children = (
				9973FAB71A824A1E0089A512 /* SDPhotoBrowser */,
				9973FAD61A824A1F0089A512 /* SDPhotoBrowserTests */,
				9973FAB01A824A1E0089A512 /* Frameworks */,
				9973FAAF1A824A1E0089A512 /* Products */,
			);
			sourceTree = "<group>";
		};
		9973FAAF1A824A1E0089A512 /* Products */ = {
			isa = PBXGroup;
			children = (
				9973FAAE1A824A1E0089A512 /* SDPhotoBrowser.app */,
				9973FACF1A824A1F0089A512 /* SDPhotoBrowserTests.xctest */,
			);
			name = Products;
			sourceTree = "<group>";
		};
		9973FAB01A824A1E0089A512 /* Frameworks */ = {
			isa = PBXGroup;
			children = (
				9973FAB11A824A1E0089A512 /* Foundation.framework */,
				9973FAB31A824A1E0089A512 /* CoreGraphics.framework */,
				9973FAB51A824A1E0089A512 /* UIKit.framework */,
				9973FAD01A824A1F0089A512 /* XCTest.framework */,
			);
			name = Frameworks;
			sourceTree = "<group>";
		};
		9973FAB71A824A1E0089A512 /* SDPhotoBrowser */ = {
			isa = PBXGroup;
			children = (
				485A09771C50D5700040EA25 /* Demo */,
				485A09811C50D5700040EA25 /* Others */,
				485A098A1C50D5700040EA25 /* SDPhotoBrowser */,
				485A09921C50D5700040EA25 /* Vender */,
				9973FAB81A824A1E0089A512 /* Supporting Files */,
			);
			path = SDPhotoBrowser;
			sourceTree = "<group>";
		};
		9973FAB81A824A1E0089A512 /* Supporting Files */ = {
			isa = PBXGroup;
			children = (
				9973FAC91A824A1F0089A512 /* Images.xcassets */,
				9973FABA1A824A1E0089A512 /* InfoPlist.strings */,
			);
			name = "Supporting Files";
			sourceTree = "<group>";
		};
		9973FAD61A824A1F0089A512 /* SDPhotoBrowserTests */ = {
			isa = PBXGroup;
			children = (
				9973FADC1A824A1F0089A512 /* SDPhotoBrowserTests.m */,
				9973FAD71A824A1F0089A512 /* Supporting Files */,
			);
			path = SDPhotoBrowserTests;
			sourceTree = "<group>";
		};
		9973FAD71A824A1F0089A512 /* Supporting Files */ = {
			isa = PBXGroup;
			children = (
				9973FAD81A824A1F0089A512 /* SDPhotoBrowserTests-Info.plist */,
				9973FAD91A824A1F0089A512 /* InfoPlist.strings */,
			);
			name = "Supporting Files";
			sourceTree = "<group>";
		};
/* End PBXGroup section */

/* Begin PBXNativeTarget section */
		9973FAAD1A824A1E0089A512 /* SDPhotoBrowser */ = {
			isa = PBXNativeTarget;
			buildConfigurationList = 9973FAE01A824A1F0089A512 /* Build configuration list for PBXNativeTarget "SDPhotoBrowser" */;
			buildPhases = (
				9973FAAA1A824A1E0089A512 /* Sources */,
				9973FAAB1A824A1E0089A512 /* Frameworks */,
				9973FAAC1A824A1E0089A512 /* Resources */,
			);
			buildRules = (
			);
			dependencies = (
			);
			name = SDPhotoBrowser;
			productName = SDPhotoBrowser;
			productReference = 9973FAAE1A824A1E0089A512 /* SDPhotoBrowser.app */;
			productType = "com.apple.product-type.application";
		};
		9973FACE1A824A1F0089A512 /* SDPhotoBrowserTests */ = {
			isa = PBXNativeTarget;
			buildConfigurationList = 9973FAE31A824A1F0089A512 /* Build configuration list for PBXNativeTarget "SDPhotoBrowserTests" */;
			buildPhases = (
				9973FACB1A824A1F0089A512 /* Sources */,
				9973FACC1A824A1F0089A512 /* Frameworks */,
				9973FACD1A824A1F0089A512 /* Resources */,
			);
			buildRules = (
			);
			dependencies = (
				9973FAD51A824A1F0089A512 /* PBXTargetDependency */,
			);
			name = SDPhotoBrowserTests;
			productName = SDPhotoBrowserTests;
			productReference = 9973FACF1A824A1F0089A512 /* SDPhotoBrowserTests.xctest */;
			productType = "com.apple.product-type.bundle.unit-test";
		};
/* End PBXNativeTarget section */

/* Begin PBXProject section */
		9973FAA61A824A1E0089A512 /* Project object */ = {
			isa = PBXProject;
			attributes = {
				CLASSPREFIX = SD;
				LastUpgradeCheck = 0510;
				ORGANIZATIONNAME = GSD;
				TargetAttributes = {
					9973FACE1A824A1F0089A512 = {
						TestTargetID = 9973FAAD1A824A1E0089A512;
					};
				};
			};
			buildConfigurationList = 9973FAA91A824A1E0089A512 /* Build configuration list for PBXProject "SDPhotoBrowser" */;
			compatibilityVersion = "Xcode 3.2";
			developmentRegion = English;
			hasScannedForEncodings = 0;
			knownRegions = (
				en,
				Base,
			);
			mainGroup = 9973FAA51A824A1E0089A512;
			productRefGroup = 9973FAAF1A824A1E0089A512 /* Products */;
			projectDirPath = "";
			projectRoot = "";
			targets = (
				9973FAAD1A824A1E0089A512 /* SDPhotoBrowser */,
				9973FACE1A824A1F0089A512 /* SDPhotoBrowserTests */,
			);
		};
/* End PBXProject section */

/* Begin PBXResourcesBuildPhase section */
		9973FAAC1A824A1E0089A512 /* Resources */ = {
			isa = PBXResourcesBuildPhase;
			buildActionMask = 2147483647;
			files = (
				485A09B81C50D5700040EA25 /* Launch Screen.storyboard in Resources */,
				485A09BC1C50D5700040EA25 /* SDPhotoBrowser-Info.plist in Resources */,
				9973FACA1A824A1F0089A512 /* Images.xcassets in Resources */,
				9973FABC1A824A1E0089A512 /* InfoPlist.strings in Resources */,
			);
			runOnlyForDeploymentPostprocessing = 0;
		};
		9973FACD1A824A1F0089A512 /* Resources */ = {
			isa = PBXResourcesBuildPhase;
			buildActionMask = 2147483647;
			files = (
				9973FADB1A824A1F0089A512 /* InfoPlist.strings in Resources */,
			);
			runOnlyForDeploymentPostprocessing = 0;
		};
/* End PBXResourcesBuildPhase section */

/* Begin PBXSourcesBuildPhase section */
		9973FAAA1A824A1E0089A512 /* Sources */ = {
			isa = PBXSourcesBuildPhase;
			buildActionMask = 2147483647;
			files = (
				485A09D01C50D5FA0040EA25 /* SDPhotoBrowser-Prefix.pch in Sources */,
				485A09CD1C50D5700040EA25 /* UIImageView+HighlightedWebCache.m in Sources */,
				485A09C41C50D5700040EA25 /* SDWebImageDecoder.m in Sources */,
				485A09EA1C50E39F0040EA25 /* SDCollectionViewController.m in Sources */,
				485A09CE1C50D5700040EA25 /* UIImageView+WebCache.m in Sources */,
				485A09BE1C50D5700040EA25 /* SDPhotoBrowser.m in Sources */,
				485A09C61C50D5700040EA25 /* SDWebImageDownloaderOperation.m in Sources */,
				485A09C71C50D5700040EA25 /* SDWebImageManager.m in Sources */,
				485A09BB1C50D5700040EA25 /* SDNavigationController.m in Sources */,
				485A09E11C50DDE70040EA25 /* SDPhotoGroup.m in Sources */,
				485A09BF1C50D5700040EA25 /* SDWaitingView.m in Sources */,
				485A09C51C50D5700040EA25 /* SDWebImageDownloader.m in Sources */,
				485A09C01C50D5700040EA25 /* MKAnnotationView+WebCache.m in Sources */,
				485A09E21C50DDE70040EA25 /* SDPhotoItem.m in Sources */,
				485A09C31C50D5700040EA25 /* SDWebImageCompat.m in Sources */,
				485A09C81C50D5700040EA25 /* SDWebImagePrefetcher.m in Sources */,
				485A09CF1C50D5700040EA25 /* UIView+WebCacheOperation.m in Sources */,
				485A09E71C50DE490040EA25 /* SDCollectionViewDemoCell.m in Sources */,
				485A09CB1C50D5700040EA25 /* UIImage+MultiFormat.m in Sources */,
				485A09C91C50D5700040EA25 /* UIButton+WebCache.m in Sources */,
				485A09B91C50D5700040EA25 /* main.m in Sources */,
				485A09C21C50D5700040EA25 /* SDImageCache.m in Sources */,
				485A09BD1C50D5700040EA25 /* SDBrowserImageView.m in Sources */,
				485A09E31C50DDE70040EA25 /* SDTableViewController.m in Sources */,
				485A09E01C50DDE70040EA25 /* SDDemoCell.m in Sources */,
				485A09BA1C50D5700040EA25 /* SDAppDelegate.m in Sources */,
				485A09CA1C50D5700040EA25 /* UIImage+GIF.m in Sources */,
				485A09C11C50D5700040EA25 /* NSData+ImageContentType.m in Sources */,
				485A09CC1C50D5700040EA25 /* UIImage+WebP.m in Sources */,
			);
			runOnlyForDeploymentPostprocessing = 0;
		};
		9973FACB1A824A1F0089A512 /* Sources */ = {
			isa = PBXSourcesBuildPhase;
			buildActionMask = 2147483647;
			files = (
				9973FADD1A824A1F0089A512 /* SDPhotoBrowserTests.m in Sources */,
			);
			runOnlyForDeploymentPostprocessing = 0;
		};
/* End PBXSourcesBuildPhase section */

/* Begin PBXTargetDependency section */
		9973FAD51A824A1F0089A512 /* PBXTargetDependency */ = {
			isa = PBXTargetDependency;
			target = 9973FAAD1A824A1E0089A512 /* SDPhotoBrowser */;
			targetProxy = 9973FAD41A824A1F0089A512 /* PBXContainerItemProxy */;
		};
/* End PBXTargetDependency section */

/* Begin PBXVariantGroup section */
		9973FABA1A824A1E0089A512 /* InfoPlist.strings */ = {
			isa = PBXVariantGroup;
			children = (
				9973FABB1A824A1E0089A512 /* en */,
			);
			name = InfoPlist.strings;
			sourceTree = "<group>";
		};
		9973FAD91A824A1F0089A512 /* InfoPlist.strings */ = {
			isa = PBXVariantGroup;
			children = (
				9973FADA1A824A1F0089A512 /* en */,
			);
			name = InfoPlist.strings;
			sourceTree = "<group>";
		};
/* End PBXVariantGroup section */

/* Begin XCBuildConfiguration section */
		9973FADE1A824A1F0089A512 /* Debug */ = {
			isa = XCBuildConfiguration;
			buildSettings = {
				ALWAYS_SEARCH_USER_PATHS = NO;
				CLANG_CXX_LANGUAGE_STANDARD = "gnu++0x";
				CLANG_CXX_LIBRARY = "libc++";
				CLANG_ENABLE_MODULES = YES;
				CLANG_ENABLE_OBJC_ARC = YES;
				CLANG_WARN_BOOL_CONVERSION = YES;
				CLANG_WARN_CONSTANT_CONVERSION = YES;
				CLANG_WARN_DIRECT_OBJC_ISA_USAGE = YES_ERROR;
				CLANG_WARN_EMPTY_BODY = YES;
				CLANG_WARN_ENUM_CONVERSION = YES;
				CLANG_WARN_INT_CONVERSION = YES;
				CLANG_WARN_OBJC_ROOT_CLASS = YES_ERROR;
				CLANG_WARN__DUPLICATE_METHOD_MATCH = YES;
				"CODE_SIGN_IDENTITY[sdk=iphoneos*]" = "iPhone Developer";
				COPY_PHASE_STRIP = NO;
				GCC_C_LANGUAGE_STANDARD = gnu99;
				GCC_DYNAMIC_NO_PIC = NO;
				GCC_OPTIMIZATION_LEVEL = 0;
				GCC_PREPROCESSOR_DEFINITIONS = (
					"DEBUG=1",
					"$(inherited)",
				);
				GCC_SYMBOLS_PRIVATE_EXTERN = NO;
				GCC_WARN_64_TO_32_BIT_CONVERSION = YES;
				GCC_WARN_ABOUT_RETURN_TYPE = YES_ERROR;
				GCC_WARN_UNDECLARED_SELECTOR = YES;
				GCC_WARN_UNINITIALIZED_AUTOS = YES_AGGRESSIVE;
				GCC_WARN_UNUSED_FUNCTION = YES;
				GCC_WARN_UNUSED_VARIABLE = YES;
				IPHONEOS_DEPLOYMENT_TARGET = 7.1;
				ONLY_ACTIVE_ARCH = YES;
				SDKROOT = iphoneos;
			};
			name = Debug;
		};
		9973FADF1A824A1F0089A512 /* Release */ = {
			isa = XCBuildConfiguration;
			buildSettings = {
				ALWAYS_SEARCH_USER_PATHS = NO;
				CLANG_CXX_LANGUAGE_STANDARD = "gnu++0x";
				CLANG_CXX_LIBRARY = "libc++";
				CLANG_ENABLE_MODULES = YES;
				CLANG_ENABLE_OBJC_ARC = YES;
				CLANG_WARN_BOOL_CONVERSION = YES;
				CLANG_WARN_CONSTANT_CONVERSION = YES;
				CLANG_WARN_DIRECT_OBJC_ISA_USAGE = YES_ERROR;
				CLANG_WARN_EMPTY_BODY = YES;
				CLANG_WARN_ENUM_CONVERSION = YES;
				CLANG_WARN_INT_CONVERSION = YES;
				CLANG_WARN_OBJC_ROOT_CLASS = YES_ERROR;
				CLANG_WARN__DUPLICATE_METHOD_MATCH = YES;
				"CODE_SIGN_IDENTITY[sdk=iphoneos*]" = "iPhone Developer";
				COPY_PHASE_STRIP = YES;
				ENABLE_NS_ASSERTIONS = NO;
				GCC_C_LANGUAGE_STANDARD = gnu99;
				GCC_WARN_64_TO_32_BIT_CONVERSION = YES;
				GCC_WARN_ABOUT_RETURN_TYPE = YES_ERROR;
				GCC_WARN_UNDECLARED_SELECTOR = YES;
				GCC_WARN_UNINITIALIZED_AUTOS = YES_AGGRESSIVE;
				GCC_WARN_UNUSED_FUNCTION = YES;
				GCC_WARN_UNUSED_VARIABLE = YES;
				IPHONEOS_DEPLOYMENT_TARGET = 7.1;
				SDKROOT = iphoneos;
				VALIDATE_PRODUCT = YES;
			};
			name = Release;
		};
		9973FAE11A824A1F0089A512 /* Debug */ = {
			isa = XCBuildConfiguration;
			buildSettings = {
				ASSETCATALOG_COMPILER_APPICON_NAME = AppIcon;
				CODE_SIGN_IDENTITY = "iPhone Developer";
				GCC_PRECOMPILE_PREFIX_HEADER = YES;
				GCC_PREFIX_HEADER = "SDPhotoBrowser/Others/SDPhotoBrowser-Prefix.pch";
				INFOPLIST_FILE = "SDPhotoBrowser/Others/SDPhotoBrowser-Info.plist";
				IPHONEOS_DEPLOYMENT_TARGET = 7.0;
				PRODUCT_NAME = "$(TARGET_NAME)";
				WRAPPER_EXTENSION = app;
			};
			name = Debug;
		};
		9973FAE21A824A1F0089A512 /* Release */ = {
			isa = XCBuildConfiguration;
			buildSettings = {
				ASSETCATALOG_COMPILER_APPICON_NAME = AppIcon;
				CODE_SIGN_IDENTITY = "iPhone Developer";
				GCC_PRECOMPILE_PREFIX_HEADER = YES;
				GCC_PREFIX_HEADER = "SDPhotoBrowser/Others/SDPhotoBrowser-Prefix.pch";
				INFOPLIST_FILE = "SDPhotoBrowser/Others/SDPhotoBrowser-Info.plist";
				IPHONEOS_DEPLOYMENT_TARGET = 7.0;
				PRODUCT_NAME = "$(TARGET_NAME)";
				WRAPPER_EXTENSION = app;
			};
			name = Release;
		};
		9973FAE41A824A1F0089A512 /* Debug */ = {
			isa = XCBuildConfiguration;
			buildSettings = {
				BUNDLE_LOADER = "$(BUILT_PRODUCTS_DIR)/SDPhotoBrowser.app/SDPhotoBrowser";
				FRAMEWORK_SEARCH_PATHS = (
					"$(SDKROOT)/Developer/Library/Frameworks",
					"$(inherited)",
					"$(DEVELOPER_FRAMEWORKS_DIR)",
				);
				GCC_PRECOMPILE_PREFIX_HEADER = YES;
				GCC_PREFIX_HEADER = "SDPhotoBrowser/Others/SDPhotoBrowser-Prefix.pch";
				GCC_PREPROCESSOR_DEFINITIONS = (
					"DEBUG=1",
					"$(inherited)",
				);
				INFOPLIST_FILE = "SDPhotoBrowserTests/SDPhotoBrowserTests-Info.plist";
				PRODUCT_NAME = "$(TARGET_NAME)";
				TEST_HOST = "$(BUNDLE_LOADER)";
				WRAPPER_EXTENSION = xctest;
			};
			name = Debug;
		};
		9973FAE51A824A1F0089A512 /* Release */ = {
			isa = XCBuildConfiguration;
			buildSettings = {
				BUNDLE_LOADER = "$(BUILT_PRODUCTS_DIR)/SDPhotoBrowser.app/SDPhotoBrowser";
				FRAMEWORK_SEARCH_PATHS = (
					"$(SDKROOT)/Developer/Library/Frameworks",
					"$(inherited)",
					"$(DEVELOPER_FRAMEWORKS_DIR)",
				);
				GCC_PRECOMPILE_PREFIX_HEADER = YES;
				GCC_PREFIX_HEADER = "SDPhotoBrowser/Others/SDPhotoBrowser-Prefix.pch";
				INFOPLIST_FILE = "SDPhotoBrowserTests/SDPhotoBrowserTests-Info.plist";
				PRODUCT_NAME = "$(TARGET_NAME)";
				TEST_HOST = "$(BUNDLE_LOADER)";
				WRAPPER_EXTENSION = xctest;
			};
			name = Release;
		};
/* End XCBuildConfiguration section */

/* Begin XCConfigurationList section */
		9973FAA91A824A1E0089A512 /* Build configuration list for PBXProject "SDPhotoBrowser" */ = {
			isa = XCConfigurationList;
			buildConfigurations = (
				9973FADE1A824A1F0089A512 /* Debug */,
				9973FADF1A824A1F0089A512 /* Release */,
			);
			defaultConfigurationIsVisible = 0;
			defaultConfigurationName = Release;
		};
		9973FAE01A824A1F0089A512 /* Build configuration list for PBXNativeTarget "SDPhotoBrowser" */ = {
			isa = XCConfigurationList;
			buildConfigurations = (
				9973FAE11A824A1F0089A512 /* Debug */,
				9973FAE21A824A1F0089A512 /* Release */,
			);
			defaultConfigurationIsVisible = 0;
			defaultConfigurationName = Release;
		};
		9973FAE31A824A1F0089A512 /* Build configuration list for PBXNativeTarget "SDPhotoBrowserTests" */ = {
			isa = XCConfigurationList;
			buildConfigurations = (
				9973FAE41A824A1F0089A512 /* Debug */,
				9973FAE51A824A1F0089A512 /* Release */,
			);
			defaultConfigurationIsVisible = 0;
			defaultConfigurationName = Release;
		};
/* End XCConfigurationList section */
	};
	rootObject = 9973FAA61A824A1E0089A512 /* Project object */;
}
